// !$*UTF8*$!
{
	archiveVersion = 1;
	classes = {
	};
	objectVersion = 50;
	objects = {

/* Begin PBXBuildFile section */
		7B07196B9B8C3603A7D76A9A /* Pods_AdLudum.framework in Frameworks */ = {isa = PBXBuildFile; fileRef = 19B3673AB0A78FAA4256BD78 /* Pods_AdLudum.framework */; };
		98F18C1521DD807A004DDAAB /* AppDelegate.swift in Sources */ = {isa = PBXBuildFile; fileRef = 98F18C1421DD807A004DDAAB /* AppDelegate.swift */; };
		98F18C1721DD807A004DDAAB /* LoginViewController.swift in Sources */ = {isa = PBXBuildFile; fileRef = 98F18C1621DD807A004DDAAB /* LoginViewController.swift */; };
		98F18C1A21DD807A004DDAAB /* Main.storyboard in Resources */ = {isa = PBXBuildFile; fileRef = 98F18C1821DD807A004DDAAB /* Main.storyboard */; };
		98F18C1D21DD807A004DDAAB /* AdLudum.xcdatamodeld in Sources */ = {isa = PBXBuildFile; fileRef = 98F18C1B21DD807A004DDAAB /* AdLudum.xcdatamodeld */; };
		98F18C1F21DD807C004DDAAB /* Assets.xcassets in Resources */ = {isa = PBXBuildFile; fileRef = 98F18C1E21DD807C004DDAAB /* Assets.xcassets */; };
		98F18C2221DD807C004DDAAB /* LaunchScreen.storyboard in Resources */ = {isa = PBXBuildFile; fileRef = 98F18C2021DD807C004DDAAB /* LaunchScreen.storyboard */; };
		98FC098121DEC2BC00635100 /* Constants.swift in Sources */ = {isa = PBXBuildFile; fileRef = 98FC098021DEC2BC00635100 /* Constants.swift */; };
		98FE3CC321E00C5900CCC535 /* Constants+Secret.swift in Sources */ = {isa = PBXBuildFile; fileRef = 98FE3CC221E00C5900CCC535 /* Constants+Secret.swift */; };
		98FE3CC521E017D300CCC535 /* BaseViewController.swift in Sources */ = {isa = PBXBuildFile; fileRef = 98FE3CC421E017D300CCC535 /* BaseViewController.swift */; };
		98FE3CC721E0182A00CCC535 /* CustomError.swift in Sources */ = {isa = PBXBuildFile; fileRef = 98FE3CC621E0182A00CCC535 /* CustomError.swift */; };
		98FE3CC921E0185800CCC535 /* HttpClient.swift in Sources */ = {isa = PBXBuildFile; fileRef = 98FE3CC821E0185800CCC535 /* HttpClient.swift */; };
		98FE3CCB21E018A000CCC535 /* HttpMethod.swift in Sources */ = {isa = PBXBuildFile; fileRef = 98FE3CCA21E018A000CCC535 /* HttpMethod.swift */; };
		98FE3CCD21E018D100CCC535 /* HttpRequest.swift in Sources */ = {isa = PBXBuildFile; fileRef = 98FE3CCC21E018D100CCC535 /* HttpRequest.swift */; };
		98FE3CCF21E0190800CCC535 /* HttpResult.swift in Sources */ = {isa = PBXBuildFile; fileRef = 98FE3CCE21E0190800CCC535 /* HttpResult.swift */; };
		98FE3CD121E0195200CCC535 /* LoadingView.xib in Resources */ = {isa = PBXBuildFile; fileRef = 98FE3CD021E0195200CCC535 /* LoadingView.xib */; };
		98FE3CD421E0197500CCC535 /* LoadingView.swift in Sources */ = {isa = PBXBuildFile; fileRef = 98FE3CD221E0197500CCC535 /* LoadingView.swift */; };
		98FE3CD521E0197500CCC535 /* RoundedButton.swift in Sources */ = {isa = PBXBuildFile; fileRef = 98FE3CD321E0197500CCC535 /* RoundedButton.swift */; };
/* End PBXBuildFile section */

/* Begin PBXFileReference section */
		19B3673AB0A78FAA4256BD78 /* Pods_AdLudum.framework */ = {isa = PBXFileReference; explicitFileType = wrapper.framework; includeInIndex = 0; path = Pods_AdLudum.framework; sourceTree = BUILT_PRODUCTS_DIR; };
		98F18C1121DD807A004DDAAB /* AdLudum.app */ = {isa = PBXFileReference; explicitFileType = wrapper.application; includeInIndex = 0; path = AdLudum.app; sourceTree = BUILT_PRODUCTS_DIR; };
		98F18C1421DD807A004DDAAB /* AppDelegate.swift */ = {isa = PBXFileReference; lastKnownFileType = sourcecode.swift; path = AppDelegate.swift; sourceTree = "<group>"; };
		98F18C1621DD807A004DDAAB /* LoginViewController.swift */ = {isa = PBXFileReference; lastKnownFileType = sourcecode.swift; path = LoginViewController.swift; sourceTree = "<group>"; };
		98F18C1921DD807A004DDAAB /* Base */ = {isa = PBXFileReference; lastKnownFileType = file.storyboard; name = Base; path = Base.lproj/Main.storyboard; sourceTree = "<group>"; };
		98F18C1C21DD807A004DDAAB /* AdLudum.xcdatamodel */ = {isa = PBXFileReference; lastKnownFileType = wrapper.xcdatamodel; path = AdLudum.xcdatamodel; sourceTree = "<group>"; };
		98F18C1E21DD807C004DDAAB /* Assets.xcassets */ = {isa = PBXFileReference; lastKnownFileType = folder.assetcatalog; path = Assets.xcassets; sourceTree = "<group>"; };
		98F18C2121DD807C004DDAAB /* Base */ = {isa = PBXFileReference; lastKnownFileType = file.storyboard; name = Base; path = Base.lproj/LaunchScreen.storyboard; sourceTree = "<group>"; };
		98F18C2321DD807C004DDAAB /* Info.plist */ = {isa = PBXFileReference; lastKnownFileType = text.plist.xml; path = Info.plist; sourceTree = "<group>"; };
		98FC098021DEC2BC00635100 /* Constants.swift */ = {isa = PBXFileReference; lastKnownFileType = sourcecode.swift; path = Constants.swift; sourceTree = "<group>"; };
		98FE3CC221E00C5900CCC535 /* Constants+Secret.swift */ = {isa = PBXFileReference; lastKnownFileType = sourcecode.swift; path = "Constants+Secret.swift"; sourceTree = "<group>"; };
		98FE3CC421E017D300CCC535 /* BaseViewController.swift */ = {isa = PBXFileReference; lastKnownFileType = sourcecode.swift; path = BaseViewController.swift; sourceTree = "<group>"; };
		98FE3CC621E0182A00CCC535 /* CustomError.swift */ = {isa = PBXFileReference; lastKnownFileType = sourcecode.swift; path = CustomError.swift; sourceTree = "<group>"; };
		98FE3CC821E0185800CCC535 /* HttpClient.swift */ = {isa = PBXFileReference; lastKnownFileType = sourcecode.swift; path = HttpClient.swift; sourceTree = "<group>"; };
		98FE3CCA21E018A000CCC535 /* HttpMethod.swift */ = {isa = PBXFileReference; lastKnownFileType = sourcecode.swift; path = HttpMethod.swift; sourceTree = "<group>"; };
		98FE3CCC21E018D100CCC535 /* HttpRequest.swift */ = {isa = PBXFileReference; lastKnownFileType = sourcecode.swift; path = HttpRequest.swift; sourceTree = "<group>"; };
		98FE3CCE21E0190800CCC535 /* HttpResult.swift */ = {isa = PBXFileReference; lastKnownFileType = sourcecode.swift; path = HttpResult.swift; sourceTree = "<group>"; };
		98FE3CD021E0195200CCC535 /* LoadingView.xib */ = {isa = PBXFileReference; fileEncoding = 4; lastKnownFileType = file.xib; path = LoadingView.xib; sourceTree = "<group>"; };
		98FE3CD221E0197500CCC535 /* LoadingView.swift */ = {isa = PBXFileReference; fileEncoding = 4; lastKnownFileType = sourcecode.swift; path = LoadingView.swift; sourceTree = "<group>"; };
		98FE3CD321E0197500CCC535 /* RoundedButton.swift */ = {isa = PBXFileReference; fileEncoding = 4; lastKnownFileType = sourcecode.swift; path = RoundedButton.swift; sourceTree = "<group>"; };
		ED32A0A5D23874AB728FD957 /* Pods-AdLudum.debug.xcconfig */ = {isa = PBXFileReference; includeInIndex = 1; lastKnownFileType = text.xcconfig; name = "Pods-AdLudum.debug.xcconfig"; path = "Pods/Target Support Files/Pods-AdLudum/Pods-AdLudum.debug.xcconfig"; sourceTree = "<group>"; };
		F97E5885E6C7E0F66279496C /* Pods-AdLudum.release.xcconfig */ = {isa = PBXFileReference; includeInIndex = 1; lastKnownFileType = text.xcconfig; name = "Pods-AdLudum.release.xcconfig"; path = "Pods/Target Support Files/Pods-AdLudum/Pods-AdLudum.release.xcconfig"; sourceTree = "<group>"; };
/* End PBXFileReference section */

/* Begin PBXFrameworksBuildPhase section */
		98F18C0E21DD807A004DDAAB /* Frameworks */ = {
			isa = PBXFrameworksBuildPhase;
			buildActionMask = 2147483647;
			files = (
				7B07196B9B8C3603A7D76A9A /* Pods_AdLudum.framework in Frameworks */,
			);
			runOnlyForDeploymentPostprocessing = 0;
		};
/* End PBXFrameworksBuildPhase section */

/* Begin PBXGroup section */
		2B9B65D7ECC3B1C01B9716DA /* Frameworks */ = {
			isa = PBXGroup;
			children = (
				19B3673AB0A78FAA4256BD78 /* Pods_AdLudum.framework */,
			);
			name = Frameworks;
			sourceTree = "<group>";
		};
		444A6919AB779BA058BA0C07 /* Pods */ = {
			isa = PBXGroup;
			children = (
				ED32A0A5D23874AB728FD957 /* Pods-AdLudum.debug.xcconfig */,
				F97E5885E6C7E0F66279496C /* Pods-AdLudum.release.xcconfig */,
			);
			name = Pods;
			sourceTree = "<group>";
		};
		98F18C0821DD807A004DDAAB = {
			isa = PBXGroup;
			children = (
				98F18C1321DD807A004DDAAB /* AdLudum */,
				98F18C1221DD807A004DDAAB /* Products */,
				444A6919AB779BA058BA0C07 /* Pods */,
				2B9B65D7ECC3B1C01B9716DA /* Frameworks */,
			);
			sourceTree = "<group>";
		};
		98F18C1221DD807A004DDAAB /* Products */ = {
			isa = PBXGroup;
			children = (
				98F18C1121DD807A004DDAAB /* AdLudum.app */,
			);
			name = Products;
			sourceTree = "<group>";
		};
		98F18C1321DD807A004DDAAB /* AdLudum */ = {
			isa = PBXGroup;
			children = (
				98F18C2921DD8099004DDAAB /* Controllers */,
				98F18C3021DD80DE004DDAAB /* DataModels */,
				98F18C2F21DD80D7004DDAAB /* Models */,
				98F18C2E21DD80CD004DDAAB /* Network */,
				98F18C2D21DD80C3004DDAAB /* Resources */,
				98F18C2C21DD80BB004DDAAB /* Storyboards */,
				98F18C2B21DD80B0004DDAAB /* Utilities */,
				98F18C2A21DD80A2004DDAAB /* Views */,
				98F18C1421DD807A004DDAAB /* AppDelegate.swift */,
				98FC098021DEC2BC00635100 /* Constants.swift */,
				98FE3CC221E00C5900CCC535 /* Constants+Secret.swift */,
			);
			path = AdLudum;
			sourceTree = "<group>";
		};
		98F18C2921DD8099004DDAAB /* Controllers */ = {
			isa = PBXGroup;
			children = (
				98FE3CC421E017D300CCC535 /* BaseViewController.swift */,
				98F18C1621DD807A004DDAAB /* LoginViewController.swift */,
			);
			path = Controllers;
			sourceTree = "<group>";
		};
		98F18C2A21DD80A2004DDAAB /* Views */ = {
			isa = PBXGroup;
			children = (
				98FE3CD221E0197500CCC535 /* LoadingView.swift */,
				98FE3CD321E0197500CCC535 /* RoundedButton.swift */,
			);
			path = Views;
			sourceTree = "<group>";
		};
		98F18C2B21DD80B0004DDAAB /* Utilities */ = {
			isa = PBXGroup;
			children = (
			);
			path = Utilities;
			sourceTree = "<group>";
		};
		98F18C2C21DD80BB004DDAAB /* Storyboards */ = {
			isa = PBXGroup;
			children = (
				98F18C2021DD807C004DDAAB /* LaunchScreen.storyboard */,
				98FE3CD021E0195200CCC535 /* LoadingView.xib */,
				98F18C1821DD807A004DDAAB /* Main.storyboard */,
			);
			path = Storyboards;
			sourceTree = "<group>";
		};
		98F18C2D21DD80C3004DDAAB /* Resources */ = {
			isa = PBXGroup;
			children = (
				98F18C1E21DD807C004DDAAB /* Assets.xcassets */,
				98F18C2321DD807C004DDAAB /* Info.plist */,
			);
			path = Resources;
			sourceTree = "<group>";
		};
		98F18C2E21DD80CD004DDAAB /* Network */ = {
			isa = PBXGroup;
			children = (
				98FE3CC621E0182A00CCC535 /* CustomError.swift */,
				98FE3CC821E0185800CCC535 /* HttpClient.swift */,
				98FE3CCA21E018A000CCC535 /* HttpMethod.swift */,
				98FE3CCC21E018D100CCC535 /* HttpRequest.swift */,
				98FE3CCE21E0190800CCC535 /* HttpResult.swift */,
			);
			path = Network;
			sourceTree = "<group>";
		};
		98F18C2F21DD80D7004DDAAB /* Models */ = {
			isa = PBXGroup;
			children = (
			);
			path = Models;
			sourceTree = "<group>";
		};
		98F18C3021DD80DE004DDAAB /* DataModels */ = {
			isa = PBXGroup;
			children = (
				98F18C1B21DD807A004DDAAB /* AdLudum.xcdatamodeld */,
			);
			path = DataModels;
			sourceTree = "<group>";
		};
/* End PBXGroup section */

/* Begin PBXNativeTarget section */
		98F18C1021DD807A004DDAAB /* AdLudum */ = {
			isa = PBXNativeTarget;
			buildConfigurationList = 98F18C2621DD807C004DDAAB /* Build configuration list for PBXNativeTarget "AdLudum" */;
			buildPhases = (
				19EAF0664B9C3CDB000348BE /* [CP] Check Pods Manifest.lock */,
				98F18C0D21DD807A004DDAAB /* Sources */,
				98F18C0E21DD807A004DDAAB /* Frameworks */,
				98F18C0F21DD807A004DDAAB /* Resources */,
				8F1CC25DEB612EAB31AE87FF /* [CP] Embed Pods Frameworks */,
			);
			buildRules = (
			);
			dependencies = (
			);
			name = AdLudum;
			productName = AdLudum;
			productReference = 98F18C1121DD807A004DDAAB /* AdLudum.app */;
			productType = "com.apple.product-type.application";
		};
/* End PBXNativeTarget section */

/* Begin PBXProject section */
		98F18C0921DD807A004DDAAB /* Project object */ = {
			isa = PBXProject;
			attributes = {
				LastSwiftUpdateCheck = 1010;
				LastUpgradeCheck = 1010;
				ORGANIZATIONNAME = "Diogo Muller";
				TargetAttributes = {
					98F18C1021DD807A004DDAAB = {
						CreatedOnToolsVersion = 10.1;
					};
				};
			};
			buildConfigurationList = 98F18C0C21DD807A004DDAAB /* Build configuration list for PBXProject "AdLudum" */;
			compatibilityVersion = "Xcode 9.3";
			developmentRegion = en;
			hasScannedForEncodings = 0;
			knownRegions = (
				en,
				Base,
			);
			mainGroup = 98F18C0821DD807A004DDAAB;
			productRefGroup = 98F18C1221DD807A004DDAAB /* Products */;
			projectDirPath = "";
			projectRoot = "";
			targets = (
				98F18C1021DD807A004DDAAB /* AdLudum */,
			);
		};
/* End PBXProject section */

/* Begin PBXResourcesBuildPhase section */
		98F18C0F21DD807A004DDAAB /* Resources */ = {
			isa = PBXResourcesBuildPhase;
			buildActionMask = 2147483647;
			files = (
				98F18C2221DD807C004DDAAB /* LaunchScreen.storyboard in Resources */,
				98FE3CD121E0195200CCC535 /* LoadingView.xib in Resources */,
				98F18C1F21DD807C004DDAAB /* Assets.xcassets in Resources */,
				98F18C1A21DD807A004DDAAB /* Main.storyboard in Resources */,
			);
			runOnlyForDeploymentPostprocessing = 0;
		};
/* End PBXResourcesBuildPhase section */

/* Begin PBXShellScriptBuildPhase section */
		19EAF0664B9C3CDB000348BE /* [CP] Check Pods Manifest.lock */ = {
			isa = PBXShellScriptBuildPhase;
			buildActionMask = 2147483647;
			files = (
			);
			inputFileListPaths = (
			);
			inputPaths = (
				"${PODS_PODFILE_DIR_PATH}/Podfile.lock",
				"${PODS_ROOT}/Manifest.lock",
			);
			name = "[CP] Check Pods Manifest.lock";
			outputFileListPaths = (
			);
			outputPaths = (
				"$(DERIVED_FILE_DIR)/Pods-AdLudum-checkManifestLockResult.txt",
			);
			runOnlyForDeploymentPostprocessing = 0;
			shellPath = /bin/sh;
			shellScript = "diff \"${PODS_PODFILE_DIR_PATH}/Podfile.lock\" \"${PODS_ROOT}/Manifest.lock\" > /dev/null\nif [ $? != 0 ] ; then\n    # print error to STDERR\n    echo \"error: The sandbox is not in sync with the Podfile.lock. Run 'pod install' or update your CocoaPods installation.\" >&2\n    exit 1\nfi\n# This output is used by Xcode 'outputs' to avoid re-running this script phase.\necho \"SUCCESS\" > \"${SCRIPT_OUTPUT_FILE_0}\"\n";
			showEnvVarsInLog = 0;
		};
		8F1CC25DEB612EAB31AE87FF /* [CP] Embed Pods Frameworks */ = {
			isa = PBXShellScriptBuildPhase;
			buildActionMask = 2147483647;
			files = (
			);
			inputFileListPaths = (
			);
			inputPaths = (
				"${SRCROOT}/Pods/Target Support Files/Pods-AdLudum/Pods-AdLudum-frameworks.sh",
				"${BUILT_PRODUCTS_DIR}/OAuthSwift/OAuthSwift.framework",
			);
			name = "[CP] Embed Pods Frameworks";
			outputFileListPaths = (
			);
			outputPaths = (
				"${TARGET_BUILD_DIR}/${FRAMEWORKS_FOLDER_PATH}/OAuthSwift.framework",
			);
			runOnlyForDeploymentPostprocessing = 0;
			shellPath = /bin/sh;
			shellScript = "\"${SRCROOT}/Pods/Target Support Files/Pods-AdLudum/Pods-AdLudum-frameworks.sh\"\n";
			showEnvVarsInLog = 0;
		};
/* End PBXShellScriptBuildPhase section */

/* Begin PBXSourcesBuildPhase section */
		98F18C0D21DD807A004DDAAB /* Sources */ = {
			isa = PBXSourcesBuildPhase;
			buildActionMask = 2147483647;
			files = (
				98FE3CC721E0182A00CCC535 /* CustomError.swift in Sources */,
				98FE3CCD21E018D100CCC535 /* HttpRequest.swift in Sources */,
				98FE3CC321E00C5900CCC535 /* Constants+Secret.swift in Sources */,
				98FE3CC921E0185800CCC535 /* HttpClient.swift in Sources */,
				98F18C1721DD807A004DDAAB /* LoginViewController.swift in Sources */,
				98FE3CD421E0197500CCC535 /* LoadingView.swift in Sources */,
				98FE3CCB21E018A000CCC535 /* HttpMethod.swift in Sources */,
				98F18C1521DD807A004DDAAB /* AppDelegate.swift in Sources */,
				98F18C1D21DD807A004DDAAB /* AdLudum.xcdatamodeld in Sources */,
				98FC098121DEC2BC00635100 /* Constants.swift in Sources */,
				98FE3CCF21E0190800CCC535 /* HttpResult.swift in Sources */,
				98FE3CC521E017D300CCC535 /* BaseViewController.swift in Sources */,
				98FE3CD521E0197500CCC535 /* RoundedButton.swift in Sources */,
			);
			runOnlyForDeploymentPostprocessing = 0;
		};
/* End PBXSourcesBuildPhase section */

/* Begin PBXVariantGroup section */
		98F18C1821DD807A004DDAAB /* Main.storyboard */ = {
			isa = PBXVariantGroup;
			children = (
				98F18C1921DD807A004DDAAB /* Base */,
			);
			name = Main.storyboard;
			sourceTree = "<group>";
		};
		98F18C2021DD807C004DDAAB /* LaunchScreen.storyboard */ = {
			isa = PBXVariantGroup;
			children = (
				98F18C2121DD807C004DDAAB /* Base */,
			);
			name = LaunchScreen.storyboard;
			sourceTree = "<group>";
		};
/* End PBXVariantGroup section */

/* Begin XCBuildConfiguration section */
		98F18C2421DD807C004DDAAB /* Debug */ = {
			isa = XCBuildConfiguration;
			buildSettings = {
				ALWAYS_SEARCH_USER_PATHS = NO;
				CLANG_ANALYZER_NONNULL = YES;
				CLANG_ANALYZER_NUMBER_OBJECT_CONVERSION = YES_AGGRESSIVE;
				CLANG_CXX_LANGUAGE_STANDARD = "gnu++14";
				CLANG_CXX_LIBRARY = "libc++";
				CLANG_ENABLE_MODULES = YES;
				CLANG_ENABLE_OBJC_ARC = YES;
				CLANG_ENABLE_OBJC_WEAK = YES;
				CLANG_WARN_BLOCK_CAPTURE_AUTORELEASING = YES;
				CLANG_WARN_BOOL_CONVERSION = YES;
				CLANG_WARN_COMMA = YES;
				CLANG_WARN_CONSTANT_CONVERSION = YES;
				CLANG_WARN_DEPRECATED_OBJC_IMPLEMENTATIONS = YES;
				CLANG_WARN_DIRECT_OBJC_ISA_USAGE = YES_ERROR;
				CLANG_WARN_DOCUMENTATION_COMMENTS = YES;
				CLANG_WARN_EMPTY_BODY = YES;
				CLANG_WARN_ENUM_CONVERSION = YES;
				CLANG_WARN_INFINITE_RECURSION = YES;
				CLANG_WARN_INT_CONVERSION = YES;
				CLANG_WARN_NON_LITERAL_NULL_CONVERSION = YES;
				CLANG_WARN_OBJC_IMPLICIT_RETAIN_SELF = YES;
				CLANG_WARN_OBJC_LITERAL_CONVERSION = YES;
				CLANG_WARN_OBJC_ROOT_CLASS = YES_ERROR;
				CLANG_WARN_RANGE_LOOP_ANALYSIS = YES;
				CLANG_WARN_STRICT_PROTOTYPES = YES;
				CLANG_WARN_SUSPICIOUS_MOVE = YES;
				CLANG_WARN_UNGUARDED_AVAILABILITY = YES_AGGRESSIVE;
				CLANG_WARN_UNREACHABLE_CODE = YES;
				CLANG_WARN__DUPLICATE_METHOD_MATCH = YES;
				CODE_SIGN_IDENTITY = "iPhone Developer";
				COPY_PHASE_STRIP = NO;
				DEBUG_INFORMATION_FORMAT = dwarf;
				ENABLE_STRICT_OBJC_MSGSEND = YES;
				ENABLE_TESTABILITY = YES;
				GCC_C_LANGUAGE_STANDARD = gnu11;
				GCC_DYNAMIC_NO_PIC = NO;
				GCC_NO_COMMON_BLOCKS = YES;
				GCC_OPTIMIZATION_LEVEL = 0;
				GCC_PREPROCESSOR_DEFINITIONS = (
					"DEBUG=1",
					"$(inherited)",
				);
				GCC_WARN_64_TO_32_BIT_CONVERSION = YES;
				GCC_WARN_ABOUT_RETURN_TYPE = YES_ERROR;
				GCC_WARN_UNDECLARED_SELECTOR = YES;
				GCC_WARN_UNINITIALIZED_AUTOS = YES_AGGRESSIVE;
				GCC_WARN_UNUSED_FUNCTION = YES;
				GCC_WARN_UNUSED_VARIABLE = YES;
				IPHONEOS_DEPLOYMENT_TARGET = 12.1;
				MTL_ENABLE_DEBUG_INFO = INCLUDE_SOURCE;
				MTL_FAST_MATH = YES;
				ONLY_ACTIVE_ARCH = YES;
				SDKROOT = iphoneos;
				SWIFT_ACTIVE_COMPILATION_CONDITIONS = DEBUG;
				SWIFT_OPTIMIZATION_LEVEL = "-Onone";
			};
			name = Debug;
		};
		98F18C2521DD807C004DDAAB /* Release */ = {
			isa = XCBuildConfiguration;
			buildSettings = {
				ALWAYS_SEARCH_USER_PATHS = NO;
				CLANG_ANALYZER_NONNULL = YES;
				CLANG_ANALYZER_NUMBER_OBJECT_CONVERSION = YES_AGGRESSIVE;
				CLANG_CXX_LANGUAGE_STANDARD = "gnu++14";
				CLANG_CXX_LIBRARY = "libc++";
				CLANG_ENABLE_MODULES = YES;
				CLANG_ENABLE_OBJC_ARC = YES;
				CLANG_ENABLE_OBJC_WEAK = YES;
				CLANG_WARN_BLOCK_CAPTURE_AUTORELEASING = YES;
				CLANG_WARN_BOOL_CONVERSION = YES;
				CLANG_WARN_COMMA = YES;
				CLANG_WARN_CONSTANT_CONVERSION = YES;
				CLANG_WARN_DEPRECATED_OBJC_IMPLEMENTATIONS = YES;
				CLANG_WARN_DIRECT_OBJC_ISA_USAGE = YES_ERROR;
				CLANG_WARN_DOCUMENTATION_COMMENTS = YES;
				CLANG_WARN_EMPTY_BODY = YES;
				CLANG_WARN_ENUM_CONVERSION = YES;
				CLANG_WARN_INFINITE_RECURSION = YES;
				CLANG_WARN_INT_CONVERSION = YES;
				CLANG_WARN_NON_LITERAL_NULL_CONVERSION = YES;
				CLANG_WARN_OBJC_IMPLICIT_RETAIN_SELF = YES;
				CLANG_WARN_OBJC_LITERAL_CONVERSION = YES;
				CLANG_WARN_OBJC_ROOT_CLASS = YES_ERROR;
				CLANG_WARN_RANGE_LOOP_ANALYSIS = YES;
				CLANG_WARN_STRICT_PROTOTYPES = YES;
				CLANG_WARN_SUSPICIOUS_MOVE = YES;
				CLANG_WARN_UNGUARDED_AVAILABILITY = YES_AGGRESSIVE;
				CLANG_WARN_UNREACHABLE_CODE = YES;
				CLANG_WARN__DUPLICATE_METHOD_MATCH = YES;
				CODE_SIGN_IDENTITY = "iPhone Developer";
				COPY_PHASE_STRIP = NO;
				DEBUG_INFORMATION_FORMAT = "dwarf-with-dsym";
				ENABLE_NS_ASSERTIONS = NO;
				ENABLE_STRICT_OBJC_MSGSEND = YES;
				GCC_C_LANGUAGE_STANDARD = gnu11;
				GCC_NO_COMMON_BLOCKS = YES;
				GCC_WARN_64_TO_32_BIT_CONVERSION = YES;
				GCC_WARN_ABOUT_RETURN_TYPE = YES_ERROR;
				GCC_WARN_UNDECLARED_SELECTOR = YES;
				GCC_WARN_UNINITIALIZED_AUTOS = YES_AGGRESSIVE;
				GCC_WARN_UNUSED_FUNCTION = YES;
				GCC_WARN_UNUSED_VARIABLE = YES;
				IPHONEOS_DEPLOYMENT_TARGET = 12.1;
				MTL_ENABLE_DEBUG_INFO = NO;
				MTL_FAST_MATH = YES;
				SDKROOT = iphoneos;
				SWIFT_COMPILATION_MODE = wholemodule;
				SWIFT_OPTIMIZATION_LEVEL = "-O";
				VALIDATE_PRODUCT = YES;
			};
			name = Release;
		};
		98F18C2721DD807C004DDAAB /* Debug */ = {
			isa = XCBuildConfiguration;
			baseConfigurationReference = ED32A0A5D23874AB728FD957 /* Pods-AdLudum.debug.xcconfig */;
			buildSettings = {
				ASSETCATALOG_COMPILER_APPICON_NAME = AppIcon;
				CODE_SIGN_STYLE = Automatic;
				INFOPLIST_FILE = "$(SRCROOT)/AdLudum/Resources/Info.plist";
				LD_RUNPATH_SEARCH_PATHS = (
					"$(inherited)",
					"@executable_path/Frameworks",
				);
				PRODUCT_BUNDLE_IDENTIFIER = com.diomuller.AdLudum;
				PRODUCT_NAME = "$(TARGET_NAME)";
				SWIFT_VERSION = 4.2;
				TARGETED_DEVICE_FAMILY = "1,2";
			};
			name = Debug;
		};
		98F18C2821DD807C004DDAAB /* Release */ = {
			isa = XCBuildConfiguration;
			baseConfigurationReference = F97E5885E6C7E0F66279496C /* Pods-AdLudum.release.xcconfig */;
			buildSettings = {
				ASSETCATALOG_COMPILER_APPICON_NAME = AppIcon;
				CODE_SIGN_STYLE = Automatic;
				INFOPLIST_FILE = "$(SRCROOT)/AdLudum/Resources/Info.plist";
				LD_RUNPATH_SEARCH_PATHS = (
					"$(inherited)",
					"@executable_path/Frameworks",
				);
				PRODUCT_BUNDLE_IDENTIFIER = com.diomuller.AdLudum;
				PRODUCT_NAME = "$(TARGET_NAME)";
				SWIFT_VERSION = 4.2;
				TARGETED_DEVICE_FAMILY = "1,2";
			};
			name = Release;
		};
/* End XCBuildConfiguration section */

/* Begin XCConfigurationList section */
		98F18C0C21DD807A004DDAAB /* Build configuration list for PBXProject "AdLudum" */ = {
			isa = XCConfigurationList;
			buildConfigurations = (
				98F18C2421DD807C004DDAAB /* Debug */,
				98F18C2521DD807C004DDAAB /* Release */,
			);
			defaultConfigurationIsVisible = 0;
			defaultConfigurationName = Release;
		};
		98F18C2621DD807C004DDAAB /* Build configuration list for PBXNativeTarget "AdLudum" */ = {
			isa = XCConfigurationList;
			buildConfigurations = (
				98F18C2721DD807C004DDAAB /* Debug */,
				98F18C2821DD807C004DDAAB /* Release */,
			);
			defaultConfigurationIsVisible = 0;
			defaultConfigurationName = Release;
		};
/* End XCConfigurationList section */

/* Begin XCVersionGroup section */
		98F18C1B21DD807A004DDAAB /* AdLudum.xcdatamodeld */ = {
			isa = XCVersionGroup;
			children = (
				98F18C1C21DD807A004DDAAB /* AdLudum.xcdatamodel */,
			);
			currentVersion = 98F18C1C21DD807A004DDAAB /* AdLudum.xcdatamodel */;
			path = AdLudum.xcdatamodeld;
			sourceTree = "<group>";
			versionGroupType = wrapper.xcdatamodel;
		};
/* End XCVersionGroup section */
	};
	rootObject = 98F18C0921DD807A004DDAAB /* Project object */;
}
