// !$*UTF8*$!
{
	archiveVersion = 1;
	classes = {
	};
	objectVersion = 50;
	objects = {

/* Begin PBXBuildFile section */
		98046DE821D8EC270090D1E0 /* HttpResult.swift in Sources */ = {isa = PBXBuildFile; fileRef = 98046DE421D8EC260090D1E0 /* HttpResult.swift */; };
		98046DE921D8EC270090D1E0 /* HttpClient.swift in Sources */ = {isa = PBXBuildFile; fileRef = 98046DE521D8EC260090D1E0 /* HttpClient.swift */; };
		98046DEA21D8EC270090D1E0 /* CustomError.swift in Sources */ = {isa = PBXBuildFile; fileRef = 98046DE621D8EC270090D1E0 /* CustomError.swift */; };
		98046DED21D8EC610090D1E0 /* HttpRequest.swift in Sources */ = {isa = PBXBuildFile; fileRef = 98046DEC21D8EC610090D1E0 /* HttpRequest.swift */; };
		98046DEF21D8EF2B0090D1E0 /* HttpMethod.swift in Sources */ = {isa = PBXBuildFile; fileRef = 98046DEE21D8EF2B0090D1E0 /* HttpMethod.swift */; };
		9837E4F521D674BF00C96D89 /* Lato-Medium.ttf in Resources */ = {isa = PBXBuildFile; fileRef = 9837E4E121D674BC00C96D89 /* Lato-Medium.ttf */; };
		9837E4F621D674BF00C96D89 /* Lato-ThinItalic.ttf in Resources */ = {isa = PBXBuildFile; fileRef = 9837E4E221D674BD00C96D89 /* Lato-ThinItalic.ttf */; };
		9837E4F721D674BF00C96D89 /* Lato-Black.ttf in Resources */ = {isa = PBXBuildFile; fileRef = 9837E4E321D674BD00C96D89 /* Lato-Black.ttf */; };
		9837E4F821D674BF00C96D89 /* Lato-Heavy.ttf in Resources */ = {isa = PBXBuildFile; fileRef = 9837E4E421D674BD00C96D89 /* Lato-Heavy.ttf */; };
		9837E4F921D674BF00C96D89 /* Lato-SemiboldItalic.ttf in Resources */ = {isa = PBXBuildFile; fileRef = 9837E4E521D674BD00C96D89 /* Lato-SemiboldItalic.ttf */; };
		9837E4FA21D674BF00C96D89 /* OFL.txt in Resources */ = {isa = PBXBuildFile; fileRef = 9837E4E621D674BD00C96D89 /* OFL.txt */; };
		9837E4FB21D674BF00C96D89 /* Lato-HairlineItalic.ttf in Resources */ = {isa = PBXBuildFile; fileRef = 9837E4E721D674BD00C96D89 /* Lato-HairlineItalic.ttf */; };
		9837E4FC21D674BF00C96D89 /* Lato-BoldItalic.ttf in Resources */ = {isa = PBXBuildFile; fileRef = 9837E4E821D674BE00C96D89 /* Lato-BoldItalic.ttf */; };
		9837E4FD21D674BF00C96D89 /* Lato-LightItalic.ttf in Resources */ = {isa = PBXBuildFile; fileRef = 9837E4E921D674BE00C96D89 /* Lato-LightItalic.ttf */; };
		9837E4FE21D674BF00C96D89 /* Lato-HeavyItalic.ttf in Resources */ = {isa = PBXBuildFile; fileRef = 9837E4EA21D674BE00C96D89 /* Lato-HeavyItalic.ttf */; };
		9837E4FF21D674BF00C96D89 /* Lato-BlackItalic.ttf in Resources */ = {isa = PBXBuildFile; fileRef = 9837E4EB21D674BE00C96D89 /* Lato-BlackItalic.ttf */; };
		9837E50021D674BF00C96D89 /* Lato-Light.ttf in Resources */ = {isa = PBXBuildFile; fileRef = 9837E4EC21D674BE00C96D89 /* Lato-Light.ttf */; };
		9837E50121D674BF00C96D89 /* Lato-MediumItalic.ttf in Resources */ = {isa = PBXBuildFile; fileRef = 9837E4ED21D674BE00C96D89 /* Lato-MediumItalic.ttf */; };
		9837E50221D674BF00C96D89 /* Lato-Regular.ttf in Resources */ = {isa = PBXBuildFile; fileRef = 9837E4EE21D674BE00C96D89 /* Lato-Regular.ttf */; };
		9837E50321D674BF00C96D89 /* Lato-Bold.ttf in Resources */ = {isa = PBXBuildFile; fileRef = 9837E4EF21D674BE00C96D89 /* Lato-Bold.ttf */; };
		9837E50421D674BF00C96D89 /* Lato-Thin.ttf in Resources */ = {isa = PBXBuildFile; fileRef = 9837E4F021D674BF00C96D89 /* Lato-Thin.ttf */; };
		9837E50521D674BF00C96D89 /* Lato-Italic.ttf in Resources */ = {isa = PBXBuildFile; fileRef = 9837E4F121D674BF00C96D89 /* Lato-Italic.ttf */; };
		9837E50621D674BF00C96D89 /* Lato-Hairline.ttf in Resources */ = {isa = PBXBuildFile; fileRef = 9837E4F221D674BF00C96D89 /* Lato-Hairline.ttf */; };
		9837E50721D674BF00C96D89 /* Lato-Semibold.ttf in Resources */ = {isa = PBXBuildFile; fileRef = 9837E4F321D674BF00C96D89 /* Lato-Semibold.ttf */; };
		9837E50821D674BF00C96D89 /* README.txt in Resources */ = {isa = PBXBuildFile; fileRef = 9837E4F421D674BF00C96D89 /* README.txt */; };
		98FA8E2521D7A83500F4AA43 /* RoundedButton.swift in Sources */ = {isa = PBXBuildFile; fileRef = 98FA8E2321D7A83500F4AA43 /* RoundedButton.swift */; };
		98FA8E2621D7A83500F4AA43 /* LoadingView.swift in Sources */ = {isa = PBXBuildFile; fileRef = 98FA8E2421D7A83500F4AA43 /* LoadingView.swift */; };
		98FA8E2821D7A86500F4AA43 /* LoadingView.xib in Resources */ = {isa = PBXBuildFile; fileRef = 98FA8E2721D7A86500F4AA43 /* LoadingView.xib */; };
		98FBA9DB21DB95B00071C7EC /* Constants.swift in Sources */ = {isa = PBXBuildFile; fileRef = 98FBA9DA21DB95B00071C7EC /* Constants.swift */; };
		98FBA9DD21DB9CC50071C7EC /* BaseViewController.swift in Sources */ = {isa = PBXBuildFile; fileRef = 98FBA9DC21DB9CC50071C7EC /* BaseViewController.swift */; };
		98FBA9DF21DBA54E0071C7EC /* UserData.swift in Sources */ = {isa = PBXBuildFile; fileRef = 98FBA9DE21DBA54E0071C7EC /* UserData.swift */; };
		98FF564721D659B300FAA221 /* AppDelegate.swift in Sources */ = {isa = PBXBuildFile; fileRef = 98FF564621D659B300FAA221 /* AppDelegate.swift */; };
		98FF564921D659B300FAA221 /* LoginViewController.swift in Sources */ = {isa = PBXBuildFile; fileRef = 98FF564821D659B300FAA221 /* LoginViewController.swift */; };
		98FF564C21D659B300FAA221 /* Main.storyboard in Resources */ = {isa = PBXBuildFile; fileRef = 98FF564A21D659B300FAA221 /* Main.storyboard */; };
		98FF564F21D659B300FAA221 /* Itch.xcdatamodeld in Sources */ = {isa = PBXBuildFile; fileRef = 98FF564D21D659B300FAA221 /* Itch.xcdatamodeld */; };
		98FF565121D659B500FAA221 /* Assets.xcassets in Resources */ = {isa = PBXBuildFile; fileRef = 98FF565021D659B500FAA221 /* Assets.xcassets */; };
		98FF565421D659B500FAA221 /* LaunchScreen.storyboard in Resources */ = {isa = PBXBuildFile; fileRef = 98FF565221D659B500FAA221 /* LaunchScreen.storyboard */; };
		F5806F4E13C1BA02256451E3 /* Pods_Itch.framework in Frameworks */ = {isa = PBXBuildFile; fileRef = D91E70617F7E65B2CC28C7C1 /* Pods_Itch.framework */; };
/* End PBXBuildFile section */

/* Begin PBXFileReference section */
		56899FD2FA4197EF4B742C0F /* Pods-Itch.release.xcconfig */ = {isa = PBXFileReference; includeInIndex = 1; lastKnownFileType = text.xcconfig; name = "Pods-Itch.release.xcconfig"; path = "Pods/Target Support Files/Pods-Itch/Pods-Itch.release.xcconfig"; sourceTree = "<group>"; };
		98046DE421D8EC260090D1E0 /* HttpResult.swift */ = {isa = PBXFileReference; fileEncoding = 4; lastKnownFileType = sourcecode.swift; path = HttpResult.swift; sourceTree = "<group>"; };
		98046DE521D8EC260090D1E0 /* HttpClient.swift */ = {isa = PBXFileReference; fileEncoding = 4; lastKnownFileType = sourcecode.swift; path = HttpClient.swift; sourceTree = "<group>"; };
		98046DE621D8EC270090D1E0 /* CustomError.swift */ = {isa = PBXFileReference; fileEncoding = 4; lastKnownFileType = sourcecode.swift; path = CustomError.swift; sourceTree = "<group>"; };
		98046DEC21D8EC610090D1E0 /* HttpRequest.swift */ = {isa = PBXFileReference; lastKnownFileType = sourcecode.swift; path = HttpRequest.swift; sourceTree = "<group>"; };
		98046DEE21D8EF2B0090D1E0 /* HttpMethod.swift */ = {isa = PBXFileReference; lastKnownFileType = sourcecode.swift; path = HttpMethod.swift; sourceTree = "<group>"; };
		9837E4E121D674BC00C96D89 /* Lato-Medium.ttf */ = {isa = PBXFileReference; lastKnownFileType = file; path = "Lato-Medium.ttf"; sourceTree = "<group>"; };
		9837E4E221D674BD00C96D89 /* Lato-ThinItalic.ttf */ = {isa = PBXFileReference; lastKnownFileType = file; path = "Lato-ThinItalic.ttf"; sourceTree = "<group>"; };
		9837E4E321D674BD00C96D89 /* Lato-Black.ttf */ = {isa = PBXFileReference; lastKnownFileType = file; path = "Lato-Black.ttf"; sourceTree = "<group>"; };
		9837E4E421D674BD00C96D89 /* Lato-Heavy.ttf */ = {isa = PBXFileReference; lastKnownFileType = file; path = "Lato-Heavy.ttf"; sourceTree = "<group>"; };
		9837E4E521D674BD00C96D89 /* Lato-SemiboldItalic.ttf */ = {isa = PBXFileReference; lastKnownFileType = file; path = "Lato-SemiboldItalic.ttf"; sourceTree = "<group>"; };
		9837E4E621D674BD00C96D89 /* OFL.txt */ = {isa = PBXFileReference; fileEncoding = 4; lastKnownFileType = text; path = OFL.txt; sourceTree = "<group>"; };
		9837E4E721D674BD00C96D89 /* Lato-HairlineItalic.ttf */ = {isa = PBXFileReference; lastKnownFileType = file; path = "Lato-HairlineItalic.ttf"; sourceTree = "<group>"; };
		9837E4E821D674BE00C96D89 /* Lato-BoldItalic.ttf */ = {isa = PBXFileReference; lastKnownFileType = file; path = "Lato-BoldItalic.ttf"; sourceTree = "<group>"; };
		9837E4E921D674BE00C96D89 /* Lato-LightItalic.ttf */ = {isa = PBXFileReference; lastKnownFileType = file; path = "Lato-LightItalic.ttf"; sourceTree = "<group>"; };
		9837E4EA21D674BE00C96D89 /* Lato-HeavyItalic.ttf */ = {isa = PBXFileReference; lastKnownFileType = file; path = "Lato-HeavyItalic.ttf"; sourceTree = "<group>"; };
		9837E4EB21D674BE00C96D89 /* Lato-BlackItalic.ttf */ = {isa = PBXFileReference; lastKnownFileType = file; path = "Lato-BlackItalic.ttf"; sourceTree = "<group>"; };
		9837E4EC21D674BE00C96D89 /* Lato-Light.ttf */ = {isa = PBXFileReference; lastKnownFileType = file; path = "Lato-Light.ttf"; sourceTree = "<group>"; };
		9837E4ED21D674BE00C96D89 /* Lato-MediumItalic.ttf */ = {isa = PBXFileReference; lastKnownFileType = file; path = "Lato-MediumItalic.ttf"; sourceTree = "<group>"; };
		9837E4EE21D674BE00C96D89 /* Lato-Regular.ttf */ = {isa = PBXFileReference; lastKnownFileType = file; path = "Lato-Regular.ttf"; sourceTree = "<group>"; };
		9837E4EF21D674BE00C96D89 /* Lato-Bold.ttf */ = {isa = PBXFileReference; lastKnownFileType = file; path = "Lato-Bold.ttf"; sourceTree = "<group>"; };
		9837E4F021D674BF00C96D89 /* Lato-Thin.ttf */ = {isa = PBXFileReference; lastKnownFileType = file; path = "Lato-Thin.ttf"; sourceTree = "<group>"; };
		9837E4F121D674BF00C96D89 /* Lato-Italic.ttf */ = {isa = PBXFileReference; lastKnownFileType = file; path = "Lato-Italic.ttf"; sourceTree = "<group>"; };
		9837E4F221D674BF00C96D89 /* Lato-Hairline.ttf */ = {isa = PBXFileReference; lastKnownFileType = file; path = "Lato-Hairline.ttf"; sourceTree = "<group>"; };
		9837E4F321D674BF00C96D89 /* Lato-Semibold.ttf */ = {isa = PBXFileReference; lastKnownFileType = file; path = "Lato-Semibold.ttf"; sourceTree = "<group>"; };
		9837E4F421D674BF00C96D89 /* README.txt */ = {isa = PBXFileReference; fileEncoding = 4; lastKnownFileType = text; path = README.txt; sourceTree = "<group>"; };
		98FA8E2321D7A83500F4AA43 /* RoundedButton.swift */ = {isa = PBXFileReference; fileEncoding = 4; lastKnownFileType = sourcecode.swift; path = RoundedButton.swift; sourceTree = "<group>"; };
		98FA8E2421D7A83500F4AA43 /* LoadingView.swift */ = {isa = PBXFileReference; fileEncoding = 4; lastKnownFileType = sourcecode.swift; path = LoadingView.swift; sourceTree = "<group>"; };
		98FA8E2721D7A86500F4AA43 /* LoadingView.xib */ = {isa = PBXFileReference; fileEncoding = 4; lastKnownFileType = file.xib; path = LoadingView.xib; sourceTree = "<group>"; };
		98FBA9DA21DB95B00071C7EC /* Constants.swift */ = {isa = PBXFileReference; lastKnownFileType = sourcecode.swift; path = Constants.swift; sourceTree = "<group>"; };
		98FBA9DC21DB9CC50071C7EC /* BaseViewController.swift */ = {isa = PBXFileReference; fileEncoding = 4; lastKnownFileType = sourcecode.swift; path = BaseViewController.swift; sourceTree = "<group>"; };
		98FBA9DE21DBA54E0071C7EC /* UserData.swift */ = {isa = PBXFileReference; lastKnownFileType = sourcecode.swift; path = UserData.swift; sourceTree = "<group>"; };
		98FF564321D659B200FAA221 /* Itch.app */ = {isa = PBXFileReference; explicitFileType = wrapper.application; includeInIndex = 0; path = Itch.app; sourceTree = BUILT_PRODUCTS_DIR; };
		98FF564621D659B300FAA221 /* AppDelegate.swift */ = {isa = PBXFileReference; lastKnownFileType = sourcecode.swift; path = AppDelegate.swift; sourceTree = "<group>"; };
		98FF564821D659B300FAA221 /* LoginViewController.swift */ = {isa = PBXFileReference; lastKnownFileType = sourcecode.swift; path = LoginViewController.swift; sourceTree = "<group>"; };
		98FF564B21D659B300FAA221 /* Base */ = {isa = PBXFileReference; lastKnownFileType = file.storyboard; name = Base; path = Base.lproj/Main.storyboard; sourceTree = "<group>"; };
		98FF564E21D659B300FAA221 /* Itch.xcdatamodel */ = {isa = PBXFileReference; lastKnownFileType = wrapper.xcdatamodel; path = Itch.xcdatamodel; sourceTree = "<group>"; };
		98FF565021D659B500FAA221 /* Assets.xcassets */ = {isa = PBXFileReference; lastKnownFileType = folder.assetcatalog; path = Assets.xcassets; sourceTree = "<group>"; };
		98FF565321D659B500FAA221 /* Base */ = {isa = PBXFileReference; lastKnownFileType = file.storyboard; name = Base; path = Base.lproj/LaunchScreen.storyboard; sourceTree = "<group>"; };
		98FF565521D659B500FAA221 /* Info.plist */ = {isa = PBXFileReference; lastKnownFileType = text.plist.xml; path = Info.plist; sourceTree = "<group>"; };
		9B04B2DDE4C0F817671F302F /* Pods-Itch.debug.xcconfig */ = {isa = PBXFileReference; includeInIndex = 1; lastKnownFileType = text.xcconfig; name = "Pods-Itch.debug.xcconfig"; path = "Pods/Target Support Files/Pods-Itch/Pods-Itch.debug.xcconfig"; sourceTree = "<group>"; };
		D91E70617F7E65B2CC28C7C1 /* Pods_Itch.framework */ = {isa = PBXFileReference; explicitFileType = wrapper.framework; includeInIndex = 0; path = Pods_Itch.framework; sourceTree = BUILT_PRODUCTS_DIR; };
/* End PBXFileReference section */

/* Begin PBXFrameworksBuildPhase section */
		98FF564021D659B200FAA221 /* Frameworks */ = {
			isa = PBXFrameworksBuildPhase;
			buildActionMask = 2147483647;
			files = (
				F5806F4E13C1BA02256451E3 /* Pods_Itch.framework in Frameworks */,
			);
			runOnlyForDeploymentPostprocessing = 0;
		};
/* End PBXFrameworksBuildPhase section */

/* Begin PBXGroup section */
		5DA27675BA7C015CA9D41C2E /* Pods */ = {
			isa = PBXGroup;
			children = (
				9B04B2DDE4C0F817671F302F /* Pods-Itch.debug.xcconfig */,
				56899FD2FA4197EF4B742C0F /* Pods-Itch.release.xcconfig */,
			);
			name = Pods;
			sourceTree = "<group>";
		};
		653CDFE9915B791801671FF3 /* Frameworks */ = {
			isa = PBXGroup;
			children = (
				D91E70617F7E65B2CC28C7C1 /* Pods_Itch.framework */,
			);
			name = Frameworks;
			sourceTree = "<group>";
		};
		9837E4DF21D674A400C96D89 /* Fonts */ = {
			isa = PBXGroup;
			children = (
				9837E4E021D674AE00C96D89 /* Lato */,
			);
			path = Fonts;
			sourceTree = "<group>";
		};
		9837E4E021D674AE00C96D89 /* Lato */ = {
			isa = PBXGroup;
			children = (
				9837E4E321D674BD00C96D89 /* Lato-Black.ttf */,
				9837E4EB21D674BE00C96D89 /* Lato-BlackItalic.ttf */,
				9837E4EF21D674BE00C96D89 /* Lato-Bold.ttf */,
				9837E4E821D674BE00C96D89 /* Lato-BoldItalic.ttf */,
				9837E4F221D674BF00C96D89 /* Lato-Hairline.ttf */,
				9837E4E721D674BD00C96D89 /* Lato-HairlineItalic.ttf */,
				9837E4E421D674BD00C96D89 /* Lato-Heavy.ttf */,
				9837E4EA21D674BE00C96D89 /* Lato-HeavyItalic.ttf */,
				9837E4F121D674BF00C96D89 /* Lato-Italic.ttf */,
				9837E4EC21D674BE00C96D89 /* Lato-Light.ttf */,
				9837E4E921D674BE00C96D89 /* Lato-LightItalic.ttf */,
				9837E4E121D674BC00C96D89 /* Lato-Medium.ttf */,
				9837E4ED21D674BE00C96D89 /* Lato-MediumItalic.ttf */,
				9837E4EE21D674BE00C96D89 /* Lato-Regular.ttf */,
				9837E4F321D674BF00C96D89 /* Lato-Semibold.ttf */,
				9837E4E521D674BD00C96D89 /* Lato-SemiboldItalic.ttf */,
				9837E4F021D674BF00C96D89 /* Lato-Thin.ttf */,
				9837E4E221D674BD00C96D89 /* Lato-ThinItalic.ttf */,
				9837E4E621D674BD00C96D89 /* OFL.txt */,
				9837E4F421D674BF00C96D89 /* README.txt */,
			);
			path = Lato;
			sourceTree = "<group>";
		};
		98FF563A21D659B200FAA221 = {
			isa = PBXGroup;
			children = (
				98FF564521D659B200FAA221 /* Itch */,
				98FF564421D659B200FAA221 /* Products */,
				5DA27675BA7C015CA9D41C2E /* Pods */,
				653CDFE9915B791801671FF3 /* Frameworks */,
			);
			sourceTree = "<group>";
		};
		98FF564421D659B200FAA221 /* Products */ = {
			isa = PBXGroup;
			children = (
				98FF564321D659B200FAA221 /* Itch.app */,
			);
			name = Products;
			sourceTree = "<group>";
		};
		98FF564521D659B200FAA221 /* Itch */ = {
			isa = PBXGroup;
			children = (
				98FF565B21D65A5E00FAA221 /* Controllers */,
				98FF566221D65AA500FAA221 /* DataModels */,
				98FF566121D65A9C00FAA221 /* Models */,
				98FF566021D65A8E00FAA221 /* Network */,
				98FF565F21D65A8500FAA221 /* Resources */,
				98FF565E21D65A7B00FAA221 /* Storyboards */,
				98FF565D21D65A7100FAA221 /* Utilities */,
				98FF565C21D65A6600FAA221 /* Views */,
				98FF564621D659B300FAA221 /* AppDelegate.swift */,
				98FBA9DA21DB95B00071C7EC /* Constants.swift */,
				98FBA9DE21DBA54E0071C7EC /* UserData.swift */,
			);
			path = Itch;
			sourceTree = "<group>";
		};
		98FF565B21D65A5E00FAA221 /* Controllers */ = {
			isa = PBXGroup;
			children = (
				98FBA9DC21DB9CC50071C7EC /* BaseViewController.swift */,
				98FF564821D659B300FAA221 /* LoginViewController.swift */,
			);
			path = Controllers;
			sourceTree = "<group>";
		};
		98FF565C21D65A6600FAA221 /* Views */ = {
			isa = PBXGroup;
			children = (
				98FA8E2421D7A83500F4AA43 /* LoadingView.swift */,
				98FA8E2321D7A83500F4AA43 /* RoundedButton.swift */,
			);
			path = Views;
			sourceTree = "<group>";
		};
		98FF565D21D65A7100FAA221 /* Utilities */ = {
			isa = PBXGroup;
			children = (
			);
			path = Utilities;
			sourceTree = "<group>";
		};
		98FF565E21D65A7B00FAA221 /* Storyboards */ = {
			isa = PBXGroup;
			children = (
				98FF565221D659B500FAA221 /* LaunchScreen.storyboard */,
				98FA8E2721D7A86500F4AA43 /* LoadingView.xib */,
				98FF564A21D659B300FAA221 /* Main.storyboard */,
			);
			path = Storyboards;
			sourceTree = "<group>";
		};
		98FF565F21D65A8500FAA221 /* Resources */ = {
			isa = PBXGroup;
			children = (
				9837E4DF21D674A400C96D89 /* Fonts */,
				98FF565021D659B500FAA221 /* Assets.xcassets */,
				98FF565521D659B500FAA221 /* Info.plist */,
			);
			path = Resources;
			sourceTree = "<group>";
		};
		98FF566021D65A8E00FAA221 /* Network */ = {
			isa = PBXGroup;
			children = (
				98046DE621D8EC270090D1E0 /* CustomError.swift */,
				98046DE521D8EC260090D1E0 /* HttpClient.swift */,
				98046DEC21D8EC610090D1E0 /* HttpRequest.swift */,
				98046DE421D8EC260090D1E0 /* HttpResult.swift */,
				98046DEE21D8EF2B0090D1E0 /* HttpMethod.swift */,
			);
			path = Network;
			sourceTree = "<group>";
		};
		98FF566121D65A9C00FAA221 /* Models */ = {
			isa = PBXGroup;
			children = (
			);
			path = Models;
			sourceTree = "<group>";
		};
		98FF566221D65AA500FAA221 /* DataModels */ = {
			isa = PBXGroup;
			children = (
				98FF564D21D659B300FAA221 /* Itch.xcdatamodeld */,
			);
			path = DataModels;
			sourceTree = "<group>";
		};
/* End PBXGroup section */

/* Begin PBXNativeTarget section */
		98FF564221D659B200FAA221 /* Itch */ = {
			isa = PBXNativeTarget;
			buildConfigurationList = 98FF565821D659B500FAA221 /* Build configuration list for PBXNativeTarget "Itch" */;
			buildPhases = (
				E4925E21ADE87696D21AF234 /* [CP] Check Pods Manifest.lock */,
				98FF563F21D659B200FAA221 /* Sources */,
				98FF564021D659B200FAA221 /* Frameworks */,
				98FF564121D659B200FAA221 /* Resources */,
				13F700D0AD0FF05BDA6779BB /* [CP] Embed Pods Frameworks */,
			);
			buildRules = (
			);
			dependencies = (
			);
			name = Itch;
			productName = Itch;
			productReference = 98FF564321D659B200FAA221 /* Itch.app */;
			productType = "com.apple.product-type.application";
		};
/* End PBXNativeTarget section */

/* Begin PBXProject section */
		98FF563B21D659B200FAA221 /* Project object */ = {
			isa = PBXProject;
			attributes = {
				LastSwiftUpdateCheck = 1010;
				LastUpgradeCheck = 1010;
				ORGANIZATIONNAME = "Diogo Muller";
				TargetAttributes = {
					98FF564221D659B200FAA221 = {
						CreatedOnToolsVersion = 10.1;
					};
				};
			};
			buildConfigurationList = 98FF563E21D659B200FAA221 /* Build configuration list for PBXProject "Itch" */;
			compatibilityVersion = "Xcode 9.3";
			developmentRegion = en;
			hasScannedForEncodings = 0;
			knownRegions = (
				en,
				Base,
			);
			mainGroup = 98FF563A21D659B200FAA221;
			productRefGroup = 98FF564421D659B200FAA221 /* Products */;
			projectDirPath = "";
			projectRoot = "";
			targets = (
				98FF564221D659B200FAA221 /* Itch */,
			);
		};
/* End PBXProject section */

/* Begin PBXResourcesBuildPhase section */
		98FF564121D659B200FAA221 /* Resources */ = {
			isa = PBXResourcesBuildPhase;
			buildActionMask = 2147483647;
			files = (
				9837E50021D674BF00C96D89 /* Lato-Light.ttf in Resources */,
				9837E4F821D674BF00C96D89 /* Lato-Heavy.ttf in Resources */,
				98FF565421D659B500FAA221 /* LaunchScreen.storyboard in Resources */,
				9837E50421D674BF00C96D89 /* Lato-Thin.ttf in Resources */,
				9837E4FF21D674BF00C96D89 /* Lato-BlackItalic.ttf in Resources */,
				9837E4FB21D674BF00C96D89 /* Lato-HairlineItalic.ttf in Resources */,
				9837E50821D674BF00C96D89 /* README.txt in Resources */,
				9837E50121D674BF00C96D89 /* Lato-MediumItalic.ttf in Resources */,
				9837E4F521D674BF00C96D89 /* Lato-Medium.ttf in Resources */,
				98FA8E2821D7A86500F4AA43 /* LoadingView.xib in Resources */,
				9837E50621D674BF00C96D89 /* Lato-Hairline.ttf in Resources */,
				9837E50321D674BF00C96D89 /* Lato-Bold.ttf in Resources */,
				9837E4FC21D674BF00C96D89 /* Lato-BoldItalic.ttf in Resources */,
				9837E50521D674BF00C96D89 /* Lato-Italic.ttf in Resources */,
				9837E4FA21D674BF00C96D89 /* OFL.txt in Resources */,
				9837E50721D674BF00C96D89 /* Lato-Semibold.ttf in Resources */,
				9837E4F621D674BF00C96D89 /* Lato-ThinItalic.ttf in Resources */,
				9837E4FE21D674BF00C96D89 /* Lato-HeavyItalic.ttf in Resources */,
				9837E4FD21D674BF00C96D89 /* Lato-LightItalic.ttf in Resources */,
				98FF565121D659B500FAA221 /* Assets.xcassets in Resources */,
				9837E4F921D674BF00C96D89 /* Lato-SemiboldItalic.ttf in Resources */,
				9837E4F721D674BF00C96D89 /* Lato-Black.ttf in Resources */,
				98FF564C21D659B300FAA221 /* Main.storyboard in Resources */,
				9837E50221D674BF00C96D89 /* Lato-Regular.ttf in Resources */,
			);
			runOnlyForDeploymentPostprocessing = 0;
		};
/* End PBXResourcesBuildPhase section */

/* Begin PBXShellScriptBuildPhase section */
		13F700D0AD0FF05BDA6779BB /* [CP] Embed Pods Frameworks */ = {
			isa = PBXShellScriptBuildPhase;
			buildActionMask = 2147483647;
			files = (
			);
			inputFileListPaths = (
			);
			inputPaths = (
				"${SRCROOT}/Pods/Target Support Files/Pods-Itch/Pods-Itch-frameworks.sh",
				"${BUILT_PRODUCTS_DIR}/OAuthSwift/OAuthSwift.framework",
			);
			name = "[CP] Embed Pods Frameworks";
			outputFileListPaths = (
			);
			outputPaths = (
				"${TARGET_BUILD_DIR}/${FRAMEWORKS_FOLDER_PATH}/OAuthSwift.framework",
			);
			runOnlyForDeploymentPostprocessing = 0;
			shellPath = /bin/sh;
			shellScript = "\"${SRCROOT}/Pods/Target Support Files/Pods-Itch/Pods-Itch-frameworks.sh\"\n";
			showEnvVarsInLog = 0;
		};
		E4925E21ADE87696D21AF234 /* [CP] Check Pods Manifest.lock */ = {
			isa = PBXShellScriptBuildPhase;
			buildActionMask = 2147483647;
			files = (
			);
			inputFileListPaths = (
			);
			inputPaths = (
				"${PODS_PODFILE_DIR_PATH}/Podfile.lock",
				"${PODS_ROOT}/Manifest.lock",
			);
			name = "[CP] Check Pods Manifest.lock";
			outputFileListPaths = (
			);
			outputPaths = (
				"$(DERIVED_FILE_DIR)/Pods-Itch-checkManifestLockResult.txt",
			);
			runOnlyForDeploymentPostprocessing = 0;
			shellPath = /bin/sh;
			shellScript = "diff \"${PODS_PODFILE_DIR_PATH}/Podfile.lock\" \"${PODS_ROOT}/Manifest.lock\" > /dev/null\nif [ $? != 0 ] ; then\n    # print error to STDERR\n    echo \"error: The sandbox is not in sync with the Podfile.lock. Run 'pod install' or update your CocoaPods installation.\" >&2\n    exit 1\nfi\n# This output is used by Xcode 'outputs' to avoid re-running this script phase.\necho \"SUCCESS\" > \"${SCRIPT_OUTPUT_FILE_0}\"\n";
			showEnvVarsInLog = 0;
		};
/* End PBXShellScriptBuildPhase section */

/* Begin PBXSourcesBuildPhase section */
		98FF563F21D659B200FAA221 /* Sources */ = {
			isa = PBXSourcesBuildPhase;
			buildActionMask = 2147483647;
			files = (
				98FBA9DF21DBA54E0071C7EC /* UserData.swift in Sources */,
				98FF564921D659B300FAA221 /* LoginViewController.swift in Sources */,
				98FBA9DB21DB95B00071C7EC /* Constants.swift in Sources */,
				98046DEA21D8EC270090D1E0 /* CustomError.swift in Sources */,
				98046DEF21D8EF2B0090D1E0 /* HttpMethod.swift in Sources */,
				98FF564721D659B300FAA221 /* AppDelegate.swift in Sources */,
				98FBA9DD21DB9CC50071C7EC /* BaseViewController.swift in Sources */,
				98046DE821D8EC270090D1E0 /* HttpResult.swift in Sources */,
				98FF564F21D659B300FAA221 /* Itch.xcdatamodeld in Sources */,
				98046DED21D8EC610090D1E0 /* HttpRequest.swift in Sources */,
				98046DE921D8EC270090D1E0 /* HttpClient.swift in Sources */,
				98FA8E2621D7A83500F4AA43 /* LoadingView.swift in Sources */,
				98FA8E2521D7A83500F4AA43 /* RoundedButton.swift in Sources */,
			);
			runOnlyForDeploymentPostprocessing = 0;
		};
/* End PBXSourcesBuildPhase section */

/* Begin PBXVariantGroup section */
		98FF564A21D659B300FAA221 /* Main.storyboard */ = {
			isa = PBXVariantGroup;
			children = (
				98FF564B21D659B300FAA221 /* Base */,
			);
			name = Main.storyboard;
			sourceTree = "<group>";
		};
		98FF565221D659B500FAA221 /* LaunchScreen.storyboard */ = {
			isa = PBXVariantGroup;
			children = (
				98FF565321D659B500FAA221 /* Base */,
			);
			name = LaunchScreen.storyboard;
			sourceTree = "<group>";
		};
/* End PBXVariantGroup section */

/* Begin XCBuildConfiguration section */
		98FF565621D659B500FAA221 /* Debug */ = {
			isa = XCBuildConfiguration;
			buildSettings = {
				ALWAYS_SEARCH_USER_PATHS = NO;
				CLANG_ANALYZER_NONNULL = YES;
				CLANG_ANALYZER_NUMBER_OBJECT_CONVERSION = YES_AGGRESSIVE;
				CLANG_CXX_LANGUAGE_STANDARD = "gnu++14";
				CLANG_CXX_LIBRARY = "libc++";
				CLANG_ENABLE_MODULES = YES;
				CLANG_ENABLE_OBJC_ARC = YES;
				CLANG_ENABLE_OBJC_WEAK = YES;
				CLANG_WARN_BLOCK_CAPTURE_AUTORELEASING = YES;
				CLANG_WARN_BOOL_CONVERSION = YES;
				CLANG_WARN_COMMA = YES;
				CLANG_WARN_CONSTANT_CONVERSION = YES;
				CLANG_WARN_DEPRECATED_OBJC_IMPLEMENTATIONS = YES;
				CLANG_WARN_DIRECT_OBJC_ISA_USAGE = YES_ERROR;
				CLANG_WARN_DOCUMENTATION_COMMENTS = YES;
				CLANG_WARN_EMPTY_BODY = YES;
				CLANG_WARN_ENUM_CONVERSION = YES;
				CLANG_WARN_INFINITE_RECURSION = YES;
				CLANG_WARN_INT_CONVERSION = YES;
				CLANG_WARN_NON_LITERAL_NULL_CONVERSION = YES;
				CLANG_WARN_OBJC_IMPLICIT_RETAIN_SELF = YES;
				CLANG_WARN_OBJC_LITERAL_CONVERSION = YES;
				CLANG_WARN_OBJC_ROOT_CLASS = YES_ERROR;
				CLANG_WARN_RANGE_LOOP_ANALYSIS = YES;
				CLANG_WARN_STRICT_PROTOTYPES = YES;
				CLANG_WARN_SUSPICIOUS_MOVE = YES;
				CLANG_WARN_UNGUARDED_AVAILABILITY = YES_AGGRESSIVE;
				CLANG_WARN_UNREACHABLE_CODE = YES;
				CLANG_WARN__DUPLICATE_METHOD_MATCH = YES;
				CODE_SIGN_IDENTITY = "iPhone Developer";
				COPY_PHASE_STRIP = NO;
				DEBUG_INFORMATION_FORMAT = dwarf;
				ENABLE_STRICT_OBJC_MSGSEND = YES;
				ENABLE_TESTABILITY = YES;
				GCC_C_LANGUAGE_STANDARD = gnu11;
				GCC_DYNAMIC_NO_PIC = NO;
				GCC_NO_COMMON_BLOCKS = YES;
				GCC_OPTIMIZATION_LEVEL = 0;
				GCC_PREPROCESSOR_DEFINITIONS = (
					"DEBUG=1",
					"$(inherited)",
				);
				GCC_WARN_64_TO_32_BIT_CONVERSION = YES;
				GCC_WARN_ABOUT_RETURN_TYPE = YES_ERROR;
				GCC_WARN_UNDECLARED_SELECTOR = YES;
				GCC_WARN_UNINITIALIZED_AUTOS = YES_AGGRESSIVE;
				GCC_WARN_UNUSED_FUNCTION = YES;
				GCC_WARN_UNUSED_VARIABLE = YES;
				IPHONEOS_DEPLOYMENT_TARGET = 12.1;
				MTL_ENABLE_DEBUG_INFO = INCLUDE_SOURCE;
				MTL_FAST_MATH = YES;
				ONLY_ACTIVE_ARCH = YES;
				SDKROOT = iphoneos;
				SWIFT_ACTIVE_COMPILATION_CONDITIONS = DEBUG;
				SWIFT_OPTIMIZATION_LEVEL = "-Onone";
			};
			name = Debug;
		};
		98FF565721D659B500FAA221 /* Release */ = {
			isa = XCBuildConfiguration;
			buildSettings = {
				ALWAYS_SEARCH_USER_PATHS = NO;
				CLANG_ANALYZER_NONNULL = YES;
				CLANG_ANALYZER_NUMBER_OBJECT_CONVERSION = YES_AGGRESSIVE;
				CLANG_CXX_LANGUAGE_STANDARD = "gnu++14";
				CLANG_CXX_LIBRARY = "libc++";
				CLANG_ENABLE_MODULES = YES;
				CLANG_ENABLE_OBJC_ARC = YES;
				CLANG_ENABLE_OBJC_WEAK = YES;
				CLANG_WARN_BLOCK_CAPTURE_AUTORELEASING = YES;
				CLANG_WARN_BOOL_CONVERSION = YES;
				CLANG_WARN_COMMA = YES;
				CLANG_WARN_CONSTANT_CONVERSION = YES;
				CLANG_WARN_DEPRECATED_OBJC_IMPLEMENTATIONS = YES;
				CLANG_WARN_DIRECT_OBJC_ISA_USAGE = YES_ERROR;
				CLANG_WARN_DOCUMENTATION_COMMENTS = YES;
				CLANG_WARN_EMPTY_BODY = YES;
				CLANG_WARN_ENUM_CONVERSION = YES;
				CLANG_WARN_INFINITE_RECURSION = YES;
				CLANG_WARN_INT_CONVERSION = YES;
				CLANG_WARN_NON_LITERAL_NULL_CONVERSION = YES;
				CLANG_WARN_OBJC_IMPLICIT_RETAIN_SELF = YES;
				CLANG_WARN_OBJC_LITERAL_CONVERSION = YES;
				CLANG_WARN_OBJC_ROOT_CLASS = YES_ERROR;
				CLANG_WARN_RANGE_LOOP_ANALYSIS = YES;
				CLANG_WARN_STRICT_PROTOTYPES = YES;
				CLANG_WARN_SUSPICIOUS_MOVE = YES;
				CLANG_WARN_UNGUARDED_AVAILABILITY = YES_AGGRESSIVE;
				CLANG_WARN_UNREACHABLE_CODE = YES;
				CLANG_WARN__DUPLICATE_METHOD_MATCH = YES;
				CODE_SIGN_IDENTITY = "iPhone Developer";
				COPY_PHASE_STRIP = NO;
				DEBUG_INFORMATION_FORMAT = "dwarf-with-dsym";
				ENABLE_NS_ASSERTIONS = NO;
				ENABLE_STRICT_OBJC_MSGSEND = YES;
				GCC_C_LANGUAGE_STANDARD = gnu11;
				GCC_NO_COMMON_BLOCKS = YES;
				GCC_WARN_64_TO_32_BIT_CONVERSION = YES;
				GCC_WARN_ABOUT_RETURN_TYPE = YES_ERROR;
				GCC_WARN_UNDECLARED_SELECTOR = YES;
				GCC_WARN_UNINITIALIZED_AUTOS = YES_AGGRESSIVE;
				GCC_WARN_UNUSED_FUNCTION = YES;
				GCC_WARN_UNUSED_VARIABLE = YES;
				IPHONEOS_DEPLOYMENT_TARGET = 12.1;
				MTL_ENABLE_DEBUG_INFO = NO;
				MTL_FAST_MATH = YES;
				SDKROOT = iphoneos;
				SWIFT_COMPILATION_MODE = wholemodule;
				SWIFT_OPTIMIZATION_LEVEL = "-O";
				VALIDATE_PRODUCT = YES;
			};
			name = Release;
		};
		98FF565921D659B500FAA221 /* Debug */ = {
			isa = XCBuildConfiguration;
			baseConfigurationReference = 9B04B2DDE4C0F817671F302F /* Pods-Itch.debug.xcconfig */;
			buildSettings = {
				ASSETCATALOG_COMPILER_APPICON_NAME = AppIcon;
				CODE_SIGN_STYLE = Automatic;
				INFOPLIST_FILE = "$(SRCROOT)/Itch/Resources/Info.plist";
				LD_RUNPATH_SEARCH_PATHS = (
					"$(inherited)",
					"@executable_path/Frameworks",
				);
				PRODUCT_BUNDLE_IDENTIFIER = com.diomuller.Itch;
				PRODUCT_NAME = "$(TARGET_NAME)";
				SWIFT_VERSION = 4.2;
				TARGETED_DEVICE_FAMILY = "1,2";
			};
			name = Debug;
		};
		98FF565A21D659B500FAA221 /* Release */ = {
			isa = XCBuildConfiguration;
			baseConfigurationReference = 56899FD2FA4197EF4B742C0F /* Pods-Itch.release.xcconfig */;
			buildSettings = {
				ASSETCATALOG_COMPILER_APPICON_NAME = AppIcon;
				CODE_SIGN_STYLE = Automatic;
				INFOPLIST_FILE = "$(SRCROOT)/Itch/Resources/Info.plist";
				LD_RUNPATH_SEARCH_PATHS = (
					"$(inherited)",
					"@executable_path/Frameworks",
				);
				PRODUCT_BUNDLE_IDENTIFIER = com.diomuller.Itch;
				PRODUCT_NAME = "$(TARGET_NAME)";
				SWIFT_VERSION = 4.2;
				TARGETED_DEVICE_FAMILY = "1,2";
			};
			name = Release;
		};
/* End XCBuildConfiguration section */

/* Begin XCConfigurationList section */
		98FF563E21D659B200FAA221 /* Build configuration list for PBXProject "Itch" */ = {
			isa = XCConfigurationList;
			buildConfigurations = (
				98FF565621D659B500FAA221 /* Debug */,
				98FF565721D659B500FAA221 /* Release */,
			);
			defaultConfigurationIsVisible = 0;
			defaultConfigurationName = Release;
		};
		98FF565821D659B500FAA221 /* Build configuration list for PBXNativeTarget "Itch" */ = {
			isa = XCConfigurationList;
			buildConfigurations = (
				98FF565921D659B500FAA221 /* Debug */,
				98FF565A21D659B500FAA221 /* Release */,
			);
			defaultConfigurationIsVisible = 0;
			defaultConfigurationName = Release;
		};
/* End XCConfigurationList section */

/* Begin XCVersionGroup section */
		98FF564D21D659B300FAA221 /* Itch.xcdatamodeld */ = {
			isa = XCVersionGroup;
			children = (
				98FF564E21D659B300FAA221 /* Itch.xcdatamodel */,
			);
			currentVersion = 98FF564E21D659B300FAA221 /* Itch.xcdatamodel */;
			path = Itch.xcdatamodeld;
			sourceTree = "<group>";
			versionGroupType = wrapper.xcdatamodel;
		};
/* End XCVersionGroup section */
	};
	rootObject = 98FF563B21D659B200FAA221 /* Project object */;
}
