// !$*UTF8*$!
{
	archiveVersion = 1;
	classes = {
	};
	objectVersion = 50;
	objects = {

/* Begin PBXBuildFile section */
		9884772621EBEDFF00CC9DE3 /* Constants.swift in Sources */ = {isa = PBXBuildFile; fileRef = 9884772521EBEDFF00CC9DE3 /* Constants.swift */; };
		9884772821EBF3C900CC9DE3 /* CollectionViewController.swift in Sources */ = {isa = PBXBuildFile; fileRef = 9884772721EBF3C900CC9DE3 /* CollectionViewController.swift */; };
		9884772A21EBF3EF00CC9DE3 /* WishlistViewController.swift in Sources */ = {isa = PBXBuildFile; fileRef = 9884772921EBF3EF00CC9DE3 /* WishlistViewController.swift */; };
		98FD1ABB21EB75A7005F7CEA /* AppDelegate.swift in Sources */ = {isa = PBXBuildFile; fileRef = 98FD1ABA21EB75A7005F7CEA /* AppDelegate.swift */; };
		98FD1ABD21EB75A7005F7CEA /* GamesViewController.swift in Sources */ = {isa = PBXBuildFile; fileRef = 98FD1ABC21EB75A7005F7CEA /* GamesViewController.swift */; };
		98FD1AC021EB75A7005F7CEA /* Main.storyboard in Resources */ = {isa = PBXBuildFile; fileRef = 98FD1ABE21EB75A7005F7CEA /* Main.storyboard */; };
		98FD1AC321EB75A7005F7CEA /* GameCollector.xcdatamodeld in Sources */ = {isa = PBXBuildFile; fileRef = 98FD1AC121EB75A7005F7CEA /* GameCollector.xcdatamodeld */; };
		98FD1AC521EB75A9005F7CEA /* Assets.xcassets in Resources */ = {isa = PBXBuildFile; fileRef = 98FD1AC421EB75A9005F7CEA /* Assets.xcassets */; };
		98FD1AC821EB75A9005F7CEA /* LaunchScreen.storyboard in Resources */ = {isa = PBXBuildFile; fileRef = 98FD1AC621EB75A9005F7CEA /* LaunchScreen.storyboard */; };
		98FD1ADA21EB9177005F7CEA /* BaseViewController.swift in Sources */ = {isa = PBXBuildFile; fileRef = 98FD1AD921EB9177005F7CEA /* BaseViewController.swift */; };
		98FD1ADC21EB92FE005F7CEA /* CustomError.swift in Sources */ = {isa = PBXBuildFile; fileRef = 98FD1ADB21EB92FE005F7CEA /* CustomError.swift */; };
		98FD1ADE21EB931B005F7CEA /* HttpClient.swift in Sources */ = {isa = PBXBuildFile; fileRef = 98FD1ADD21EB931B005F7CEA /* HttpClient.swift */; };
		98FD1AE021EB9390005F7CEA /* HttpMethod.swift in Sources */ = {isa = PBXBuildFile; fileRef = 98FD1ADF21EB9390005F7CEA /* HttpMethod.swift */; };
		98FD1AE221EB93B9005F7CEA /* HttpRequest.swift in Sources */ = {isa = PBXBuildFile; fileRef = 98FD1AE121EB93B9005F7CEA /* HttpRequest.swift */; };
		98FD1AE421EB93DF005F7CEA /* HttpResult.swift in Sources */ = {isa = PBXBuildFile; fileRef = 98FD1AE321EB93DF005F7CEA /* HttpResult.swift */; };
		98FD1AE621EB9466005F7CEA /* LoadingView.swift in Sources */ = {isa = PBXBuildFile; fileRef = 98FD1AE521EB9466005F7CEA /* LoadingView.swift */; };
		98FD1AE821EB9488005F7CEA /* LoadingView.xib in Resources */ = {isa = PBXBuildFile; fileRef = 98FD1AE721EB9488005F7CEA /* LoadingView.xib */; };
		98FD1AEC21EB94E2005F7CEA /* DataController+Instances.swift in Sources */ = {isa = PBXBuildFile; fileRef = 98FD1AE921EB94E1005F7CEA /* DataController+Instances.swift */; };
		98FD1AED21EB94E2005F7CEA /* DataController.swift in Sources */ = {isa = PBXBuildFile; fileRef = 98FD1AEA21EB94E2005F7CEA /* DataController.swift */; };
		98FD1AEE21EB94E2005F7CEA /* DataController+AutoSave.swift in Sources */ = {isa = PBXBuildFile; fileRef = 98FD1AEB21EB94E2005F7CEA /* DataController+AutoSave.swift */; };
/* End PBXBuildFile section */

/* Begin PBXFileReference section */
		9884772521EBEDFF00CC9DE3 /* Constants.swift */ = {isa = PBXFileReference; lastKnownFileType = sourcecode.swift; path = Constants.swift; sourceTree = "<group>"; };
		9884772721EBF3C900CC9DE3 /* CollectionViewController.swift */ = {isa = PBXFileReference; lastKnownFileType = sourcecode.swift; path = CollectionViewController.swift; sourceTree = "<group>"; };
		9884772921EBF3EF00CC9DE3 /* WishlistViewController.swift */ = {isa = PBXFileReference; lastKnownFileType = sourcecode.swift; path = WishlistViewController.swift; sourceTree = "<group>"; };
		98FD1AB721EB75A7005F7CEA /* GameCollector.app */ = {isa = PBXFileReference; explicitFileType = wrapper.application; includeInIndex = 0; path = GameCollector.app; sourceTree = BUILT_PRODUCTS_DIR; };
		98FD1ABA21EB75A7005F7CEA /* AppDelegate.swift */ = {isa = PBXFileReference; lastKnownFileType = sourcecode.swift; path = AppDelegate.swift; sourceTree = "<group>"; };
		98FD1ABC21EB75A7005F7CEA /* GamesViewController.swift */ = {isa = PBXFileReference; lastKnownFileType = sourcecode.swift; path = GamesViewController.swift; sourceTree = "<group>"; };
		98FD1ABF21EB75A7005F7CEA /* Base */ = {isa = PBXFileReference; lastKnownFileType = file.storyboard; name = Base; path = Base.lproj/Main.storyboard; sourceTree = "<group>"; };
		98FD1AC221EB75A7005F7CEA /* GameCollector.xcdatamodel */ = {isa = PBXFileReference; lastKnownFileType = wrapper.xcdatamodel; path = GameCollector.xcdatamodel; sourceTree = "<group>"; };
		98FD1AC421EB75A9005F7CEA /* Assets.xcassets */ = {isa = PBXFileReference; lastKnownFileType = folder.assetcatalog; path = Assets.xcassets; sourceTree = "<group>"; };
		98FD1AC721EB75A9005F7CEA /* Base */ = {isa = PBXFileReference; lastKnownFileType = file.storyboard; name = Base; path = Base.lproj/LaunchScreen.storyboard; sourceTree = "<group>"; };
		98FD1AC921EB75AA005F7CEA /* Info.plist */ = {isa = PBXFileReference; lastKnownFileType = text.plist.xml; path = Info.plist; sourceTree = "<group>"; };
		98FD1AD921EB9177005F7CEA /* BaseViewController.swift */ = {isa = PBXFileReference; lastKnownFileType = sourcecode.swift; path = BaseViewController.swift; sourceTree = "<group>"; };
		98FD1ADB21EB92FE005F7CEA /* CustomError.swift */ = {isa = PBXFileReference; lastKnownFileType = sourcecode.swift; path = CustomError.swift; sourceTree = "<group>"; };
		98FD1ADD21EB931B005F7CEA /* HttpClient.swift */ = {isa = PBXFileReference; lastKnownFileType = sourcecode.swift; path = HttpClient.swift; sourceTree = "<group>"; };
		98FD1ADF21EB9390005F7CEA /* HttpMethod.swift */ = {isa = PBXFileReference; lastKnownFileType = sourcecode.swift; path = HttpMethod.swift; sourceTree = "<group>"; };
		98FD1AE121EB93B9005F7CEA /* HttpRequest.swift */ = {isa = PBXFileReference; lastKnownFileType = sourcecode.swift; path = HttpRequest.swift; sourceTree = "<group>"; };
		98FD1AE321EB93DF005F7CEA /* HttpResult.swift */ = {isa = PBXFileReference; lastKnownFileType = sourcecode.swift; path = HttpResult.swift; sourceTree = "<group>"; };
		98FD1AE521EB9466005F7CEA /* LoadingView.swift */ = {isa = PBXFileReference; lastKnownFileType = sourcecode.swift; path = LoadingView.swift; sourceTree = "<group>"; };
		98FD1AE721EB9488005F7CEA /* LoadingView.xib */ = {isa = PBXFileReference; fileEncoding = 4; lastKnownFileType = file.xib; path = LoadingView.xib; sourceTree = "<group>"; };
		98FD1AE921EB94E1005F7CEA /* DataController+Instances.swift */ = {isa = PBXFileReference; fileEncoding = 4; lastKnownFileType = sourcecode.swift; path = "DataController+Instances.swift"; sourceTree = "<group>"; };
		98FD1AEA21EB94E2005F7CEA /* DataController.swift */ = {isa = PBXFileReference; fileEncoding = 4; lastKnownFileType = sourcecode.swift; path = DataController.swift; sourceTree = "<group>"; };
		98FD1AEB21EB94E2005F7CEA /* DataController+AutoSave.swift */ = {isa = PBXFileReference; fileEncoding = 4; lastKnownFileType = sourcecode.swift; path = "DataController+AutoSave.swift"; sourceTree = "<group>"; };
/* End PBXFileReference section */

/* Begin PBXFrameworksBuildPhase section */
		98FD1AB421EB75A7005F7CEA /* Frameworks */ = {
			isa = PBXFrameworksBuildPhase;
			buildActionMask = 2147483647;
			files = (
			);
			runOnlyForDeploymentPostprocessing = 0;
		};
/* End PBXFrameworksBuildPhase section */

/* Begin PBXGroup section */
		98FD1AAE21EB75A7005F7CEA = {
			isa = PBXGroup;
			children = (
				98FD1AB921EB75A7005F7CEA /* GameCollector */,
				98FD1AB821EB75A7005F7CEA /* Products */,
			);
			sourceTree = "<group>";
		};
		98FD1AB821EB75A7005F7CEA /* Products */ = {
			isa = PBXGroup;
			children = (
				98FD1AB721EB75A7005F7CEA /* GameCollector.app */,
			);
			name = Products;
			sourceTree = "<group>";
		};
		98FD1AB921EB75A7005F7CEA /* GameCollector */ = {
			isa = PBXGroup;
			children = (
				98FD1AD721EB7891005F7CEA /* Controllers */,
				98FD1AD621EB7889005F7CEA /* DataModels */,
				98FD1AD521EB7881005F7CEA /* Models */,
				98FD1AD321EB7860005F7CEA /* Network */,
				98FD1AD221EB7852005F7CEA /* Resources */,
				98FD1AD121EB784B005F7CEA /* Storyboards */,
				98FD1AD021EB7844005F7CEA /* Utilities */,
				98FD1ACF21EB7836005F7CEA /* Views */,
				98FD1ABA21EB75A7005F7CEA /* AppDelegate.swift */,
				9884772521EBEDFF00CC9DE3 /* Constants.swift */,
			);
			path = GameCollector;
			sourceTree = "<group>";
		};
		98FD1ACF21EB7836005F7CEA /* Views */ = {
			isa = PBXGroup;
			children = (
				98FD1AE521EB9466005F7CEA /* LoadingView.swift */,
			);
			path = Views;
			sourceTree = "<group>";
		};
		98FD1AD021EB7844005F7CEA /* Utilities */ = {
			isa = PBXGroup;
			children = (
				98FD1AEA21EB94E2005F7CEA /* DataController.swift */,
				98FD1AEB21EB94E2005F7CEA /* DataController+AutoSave.swift */,
				98FD1AE921EB94E1005F7CEA /* DataController+Instances.swift */,
			);
			path = Utilities;
			sourceTree = "<group>";
		};
		98FD1AD121EB784B005F7CEA /* Storyboards */ = {
			isa = PBXGroup;
			children = (
				98FD1AC621EB75A9005F7CEA /* LaunchScreen.storyboard */,
				98FD1AE721EB9488005F7CEA /* LoadingView.xib */,
				98FD1ABE21EB75A7005F7CEA /* Main.storyboard */,
			);
			path = Storyboards;
			sourceTree = "<group>";
		};
		98FD1AD221EB7852005F7CEA /* Resources */ = {
			isa = PBXGroup;
			children = (
				98FD1AC421EB75A9005F7CEA /* Assets.xcassets */,
				98FD1AC921EB75AA005F7CEA /* Info.plist */,
			);
			path = Resources;
			sourceTree = "<group>";
		};
		98FD1AD321EB7860005F7CEA /* Network */ = {
			isa = PBXGroup;
			children = (
				98FD1AD421EB787A005F7CEA /* Clients */,
				98FD1ADB21EB92FE005F7CEA /* CustomError.swift */,
				98FD1ADD21EB931B005F7CEA /* HttpClient.swift */,
				98FD1ADF21EB9390005F7CEA /* HttpMethod.swift */,
				98FD1AE121EB93B9005F7CEA /* HttpRequest.swift */,
				98FD1AE321EB93DF005F7CEA /* HttpResult.swift */,
			);
			path = Network;
			sourceTree = "<group>";
		};
		98FD1AD421EB787A005F7CEA /* Clients */ = {
			isa = PBXGroup;
			children = (
			);
			path = Clients;
			sourceTree = "<group>";
		};
		98FD1AD521EB7881005F7CEA /* Models */ = {
			isa = PBXGroup;
			children = (
			);
			path = Models;
			sourceTree = "<group>";
		};
		98FD1AD621EB7889005F7CEA /* DataModels */ = {
			isa = PBXGroup;
			children = (
				98FD1AC121EB75A7005F7CEA /* GameCollector.xcdatamodeld */,
			);
			path = DataModels;
			sourceTree = "<group>";
		};
		98FD1AD721EB7891005F7CEA /* Controllers */ = {
			isa = PBXGroup;
			children = (
				98FD1AD821EB836F005F7CEA /* Base */,
				98FD1ABC21EB75A7005F7CEA /* GamesViewController.swift */,
				9884772721EBF3C900CC9DE3 /* CollectionViewController.swift */,
				9884772921EBF3EF00CC9DE3 /* WishlistViewController.swift */,
			);
			path = Controllers;
			sourceTree = "<group>";
		};
		98FD1AD821EB836F005F7CEA /* Base */ = {
			isa = PBXGroup;
			children = (
				98FD1AD921EB9177005F7CEA /* BaseViewController.swift */,
			);
			path = Base;
			sourceTree = "<group>";
		};
/* End PBXGroup section */

/* Begin PBXNativeTarget section */
		98FD1AB621EB75A7005F7CEA /* GameCollector */ = {
			isa = PBXNativeTarget;
			buildConfigurationList = 98FD1ACC21EB75AA005F7CEA /* Build configuration list for PBXNativeTarget "GameCollector" */;
			buildPhases = (
				98FD1AB321EB75A7005F7CEA /* Sources */,
				98FD1AB421EB75A7005F7CEA /* Frameworks */,
				98FD1AB521EB75A7005F7CEA /* Resources */,
			);
			buildRules = (
			);
			dependencies = (
			);
			name = GameCollector;
			productName = GameCollector;
			productReference = 98FD1AB721EB75A7005F7CEA /* GameCollector.app */;
			productType = "com.apple.product-type.application";
		};
/* End PBXNativeTarget section */

/* Begin PBXProject section */
		98FD1AAF21EB75A7005F7CEA /* Project object */ = {
			isa = PBXProject;
			attributes = {
				LastSwiftUpdateCheck = 1010;
				LastUpgradeCheck = 1010;
				ORGANIZATIONNAME = "Diogo Muller";
				TargetAttributes = {
					98FD1AB621EB75A7005F7CEA = {
						CreatedOnToolsVersion = 10.1;
					};
				};
			};
			buildConfigurationList = 98FD1AB221EB75A7005F7CEA /* Build configuration list for PBXProject "GameCollector" */;
			compatibilityVersion = "Xcode 9.3";
			developmentRegion = en;
			hasScannedForEncodings = 0;
			knownRegions = (
				en,
				Base,
			);
			mainGroup = 98FD1AAE21EB75A7005F7CEA;
			productRefGroup = 98FD1AB821EB75A7005F7CEA /* Products */;
			projectDirPath = "";
			projectRoot = "";
			targets = (
				98FD1AB621EB75A7005F7CEA /* GameCollector */,
			);
		};
/* End PBXProject section */

/* Begin PBXResourcesBuildPhase section */
		98FD1AB521EB75A7005F7CEA /* Resources */ = {
			isa = PBXResourcesBuildPhase;
			buildActionMask = 2147483647;
			files = (
				98FD1AC821EB75A9005F7CEA /* LaunchScreen.storyboard in Resources */,
				98FD1AE821EB9488005F7CEA /* LoadingView.xib in Resources */,
				98FD1AC521EB75A9005F7CEA /* Assets.xcassets in Resources */,
				98FD1AC021EB75A7005F7CEA /* Main.storyboard in Resources */,
			);
			runOnlyForDeploymentPostprocessing = 0;
		};
/* End PBXResourcesBuildPhase section */

/* Begin PBXSourcesBuildPhase section */
		98FD1AB321EB75A7005F7CEA /* Sources */ = {
			isa = PBXSourcesBuildPhase;
			buildActionMask = 2147483647;
			files = (
				98FD1ADC21EB92FE005F7CEA /* CustomError.swift in Sources */,
				98FD1AED21EB94E2005F7CEA /* DataController.swift in Sources */,
				98FD1AC321EB75A7005F7CEA /* GameCollector.xcdatamodeld in Sources */,
				98FD1ADA21EB9177005F7CEA /* BaseViewController.swift in Sources */,
				98FD1AEC21EB94E2005F7CEA /* DataController+Instances.swift in Sources */,
				98FD1AE621EB9466005F7CEA /* LoadingView.swift in Sources */,
				98FD1AE021EB9390005F7CEA /* HttpMethod.swift in Sources */,
				98FD1ABD21EB75A7005F7CEA /* GamesViewController.swift in Sources */,
				98FD1AE421EB93DF005F7CEA /* HttpResult.swift in Sources */,
				9884772821EBF3C900CC9DE3 /* CollectionViewController.swift in Sources */,
				98FD1AE221EB93B9005F7CEA /* HttpRequest.swift in Sources */,
				98FD1ADE21EB931B005F7CEA /* HttpClient.swift in Sources */,
				9884772621EBEDFF00CC9DE3 /* Constants.swift in Sources */,
				9884772A21EBF3EF00CC9DE3 /* WishlistViewController.swift in Sources */,
				98FD1AEE21EB94E2005F7CEA /* DataController+AutoSave.swift in Sources */,
				98FD1ABB21EB75A7005F7CEA /* AppDelegate.swift in Sources */,
			);
			runOnlyForDeploymentPostprocessing = 0;
		};
/* End PBXSourcesBuildPhase section */

/* Begin PBXVariantGroup section */
		98FD1ABE21EB75A7005F7CEA /* Main.storyboard */ = {
			isa = PBXVariantGroup;
			children = (
				98FD1ABF21EB75A7005F7CEA /* Base */,
			);
			name = Main.storyboard;
			sourceTree = "<group>";
		};
		98FD1AC621EB75A9005F7CEA /* LaunchScreen.storyboard */ = {
			isa = PBXVariantGroup;
			children = (
				98FD1AC721EB75A9005F7CEA /* Base */,
			);
			name = LaunchScreen.storyboard;
			sourceTree = "<group>";
		};
/* End PBXVariantGroup section */

/* Begin XCBuildConfiguration section */
		98FD1ACA21EB75AA005F7CEA /* Debug */ = {
			isa = XCBuildConfiguration;
			buildSettings = {
				ALWAYS_SEARCH_USER_PATHS = NO;
				CLANG_ANALYZER_NONNULL = YES;
				CLANG_ANALYZER_NUMBER_OBJECT_CONVERSION = YES_AGGRESSIVE;
				CLANG_CXX_LANGUAGE_STANDARD = "gnu++14";
				CLANG_CXX_LIBRARY = "libc++";
				CLANG_ENABLE_MODULES = YES;
				CLANG_ENABLE_OBJC_ARC = YES;
				CLANG_ENABLE_OBJC_WEAK = YES;
				CLANG_WARN_BLOCK_CAPTURE_AUTORELEASING = YES;
				CLANG_WARN_BOOL_CONVERSION = YES;
				CLANG_WARN_COMMA = YES;
				CLANG_WARN_CONSTANT_CONVERSION = YES;
				CLANG_WARN_DEPRECATED_OBJC_IMPLEMENTATIONS = YES;
				CLANG_WARN_DIRECT_OBJC_ISA_USAGE = YES_ERROR;
				CLANG_WARN_DOCUMENTATION_COMMENTS = YES;
				CLANG_WARN_EMPTY_BODY = YES;
				CLANG_WARN_ENUM_CONVERSION = YES;
				CLANG_WARN_INFINITE_RECURSION = YES;
				CLANG_WARN_INT_CONVERSION = YES;
				CLANG_WARN_NON_LITERAL_NULL_CONVERSION = YES;
				CLANG_WARN_OBJC_IMPLICIT_RETAIN_SELF = YES;
				CLANG_WARN_OBJC_LITERAL_CONVERSION = YES;
				CLANG_WARN_OBJC_ROOT_CLASS = YES_ERROR;
				CLANG_WARN_RANGE_LOOP_ANALYSIS = YES;
				CLANG_WARN_STRICT_PROTOTYPES = YES;
				CLANG_WARN_SUSPICIOUS_MOVE = YES;
				CLANG_WARN_UNGUARDED_AVAILABILITY = YES_AGGRESSIVE;
				CLANG_WARN_UNREACHABLE_CODE = YES;
				CLANG_WARN__DUPLICATE_METHOD_MATCH = YES;
				CODE_SIGN_IDENTITY = "iPhone Developer";
				COPY_PHASE_STRIP = NO;
				DEBUG_INFORMATION_FORMAT = dwarf;
				ENABLE_STRICT_OBJC_MSGSEND = YES;
				ENABLE_TESTABILITY = YES;
				GCC_C_LANGUAGE_STANDARD = gnu11;
				GCC_DYNAMIC_NO_PIC = NO;
				GCC_NO_COMMON_BLOCKS = YES;
				GCC_OPTIMIZATION_LEVEL = 0;
				GCC_PREPROCESSOR_DEFINITIONS = (
					"DEBUG=1",
					"$(inherited)",
				);
				GCC_WARN_64_TO_32_BIT_CONVERSION = YES;
				GCC_WARN_ABOUT_RETURN_TYPE = YES_ERROR;
				GCC_WARN_UNDECLARED_SELECTOR = YES;
				GCC_WARN_UNINITIALIZED_AUTOS = YES_AGGRESSIVE;
				GCC_WARN_UNUSED_FUNCTION = YES;
				GCC_WARN_UNUSED_VARIABLE = YES;
				IPHONEOS_DEPLOYMENT_TARGET = 12.1;
				MTL_ENABLE_DEBUG_INFO = INCLUDE_SOURCE;
				MTL_FAST_MATH = YES;
				ONLY_ACTIVE_ARCH = YES;
				SDKROOT = iphoneos;
				SWIFT_ACTIVE_COMPILATION_CONDITIONS = DEBUG;
				SWIFT_OPTIMIZATION_LEVEL = "-Onone";
			};
			name = Debug;
		};
		98FD1ACB21EB75AA005F7CEA /* Release */ = {
			isa = XCBuildConfiguration;
			buildSettings = {
				ALWAYS_SEARCH_USER_PATHS = NO;
				CLANG_ANALYZER_NONNULL = YES;
				CLANG_ANALYZER_NUMBER_OBJECT_CONVERSION = YES_AGGRESSIVE;
				CLANG_CXX_LANGUAGE_STANDARD = "gnu++14";
				CLANG_CXX_LIBRARY = "libc++";
				CLANG_ENABLE_MODULES = YES;
				CLANG_ENABLE_OBJC_ARC = YES;
				CLANG_ENABLE_OBJC_WEAK = YES;
				CLANG_WARN_BLOCK_CAPTURE_AUTORELEASING = YES;
				CLANG_WARN_BOOL_CONVERSION = YES;
				CLANG_WARN_COMMA = YES;
				CLANG_WARN_CONSTANT_CONVERSION = YES;
				CLANG_WARN_DEPRECATED_OBJC_IMPLEMENTATIONS = YES;
				CLANG_WARN_DIRECT_OBJC_ISA_USAGE = YES_ERROR;
				CLANG_WARN_DOCUMENTATION_COMMENTS = YES;
				CLANG_WARN_EMPTY_BODY = YES;
				CLANG_WARN_ENUM_CONVERSION = YES;
				CLANG_WARN_INFINITE_RECURSION = YES;
				CLANG_WARN_INT_CONVERSION = YES;
				CLANG_WARN_NON_LITERAL_NULL_CONVERSION = YES;
				CLANG_WARN_OBJC_IMPLICIT_RETAIN_SELF = YES;
				CLANG_WARN_OBJC_LITERAL_CONVERSION = YES;
				CLANG_WARN_OBJC_ROOT_CLASS = YES_ERROR;
				CLANG_WARN_RANGE_LOOP_ANALYSIS = YES;
				CLANG_WARN_STRICT_PROTOTYPES = YES;
				CLANG_WARN_SUSPICIOUS_MOVE = YES;
				CLANG_WARN_UNGUARDED_AVAILABILITY = YES_AGGRESSIVE;
				CLANG_WARN_UNREACHABLE_CODE = YES;
				CLANG_WARN__DUPLICATE_METHOD_MATCH = YES;
				CODE_SIGN_IDENTITY = "iPhone Developer";
				COPY_PHASE_STRIP = NO;
				DEBUG_INFORMATION_FORMAT = "dwarf-with-dsym";
				ENABLE_NS_ASSERTIONS = NO;
				ENABLE_STRICT_OBJC_MSGSEND = YES;
				GCC_C_LANGUAGE_STANDARD = gnu11;
				GCC_NO_COMMON_BLOCKS = YES;
				GCC_WARN_64_TO_32_BIT_CONVERSION = YES;
				GCC_WARN_ABOUT_RETURN_TYPE = YES_ERROR;
				GCC_WARN_UNDECLARED_SELECTOR = YES;
				GCC_WARN_UNINITIALIZED_AUTOS = YES_AGGRESSIVE;
				GCC_WARN_UNUSED_FUNCTION = YES;
				GCC_WARN_UNUSED_VARIABLE = YES;
				IPHONEOS_DEPLOYMENT_TARGET = 12.1;
				MTL_ENABLE_DEBUG_INFO = NO;
				MTL_FAST_MATH = YES;
				SDKROOT = iphoneos;
				SWIFT_COMPILATION_MODE = wholemodule;
				SWIFT_OPTIMIZATION_LEVEL = "-O";
				VALIDATE_PRODUCT = YES;
			};
			name = Release;
		};
		98FD1ACD21EB75AA005F7CEA /* Debug */ = {
			isa = XCBuildConfiguration;
			buildSettings = {
				ASSETCATALOG_COMPILER_APPICON_NAME = AppIcon;
				CODE_SIGN_STYLE = Automatic;
				INFOPLIST_FILE = "$(SRCROOT)/GameCollector/Resources/Info.plist";
				LD_RUNPATH_SEARCH_PATHS = (
					"$(inherited)",
					"@executable_path/Frameworks",
				);
				PRODUCT_BUNDLE_IDENTIFIER = com.diomuller.GameCollector;
				PRODUCT_NAME = "$(TARGET_NAME)";
				SWIFT_VERSION = 4.2;
				TARGETED_DEVICE_FAMILY = "1,2";
			};
			name = Debug;
		};
		98FD1ACE21EB75AA005F7CEA /* Release */ = {
			isa = XCBuildConfiguration;
			buildSettings = {
				ASSETCATALOG_COMPILER_APPICON_NAME = AppIcon;
				CODE_SIGN_STYLE = Automatic;
				INFOPLIST_FILE = "$(SRCROOT)/GameCollector/Resources/Info.plist";
				LD_RUNPATH_SEARCH_PATHS = (
					"$(inherited)",
					"@executable_path/Frameworks",
				);
				PRODUCT_BUNDLE_IDENTIFIER = com.diomuller.GameCollector;
				PRODUCT_NAME = "$(TARGET_NAME)";
				SWIFT_VERSION = 4.2;
				TARGETED_DEVICE_FAMILY = "1,2";
			};
			name = Release;
		};
/* End XCBuildConfiguration section */

/* Begin XCConfigurationList section */
		98FD1AB221EB75A7005F7CEA /* Build configuration list for PBXProject "GameCollector" */ = {
			isa = XCConfigurationList;
			buildConfigurations = (
				98FD1ACA21EB75AA005F7CEA /* Debug */,
				98FD1ACB21EB75AA005F7CEA /* Release */,
			);
			defaultConfigurationIsVisible = 0;
			defaultConfigurationName = Release;
		};
		98FD1ACC21EB75AA005F7CEA /* Build configuration list for PBXNativeTarget "GameCollector" */ = {
			isa = XCConfigurationList;
			buildConfigurations = (
				98FD1ACD21EB75AA005F7CEA /* Debug */,
				98FD1ACE21EB75AA005F7CEA /* Release */,
			);
			defaultConfigurationIsVisible = 0;
			defaultConfigurationName = Release;
		};
/* End XCConfigurationList section */

/* Begin XCVersionGroup section */
		98FD1AC121EB75A7005F7CEA /* GameCollector.xcdatamodeld */ = {
			isa = XCVersionGroup;
			children = (
				98FD1AC221EB75A7005F7CEA /* GameCollector.xcdatamodel */,
			);
			currentVersion = 98FD1AC221EB75A7005F7CEA /* GameCollector.xcdatamodel */;
			path = GameCollector.xcdatamodeld;
			sourceTree = "<group>";
			versionGroupType = wrapper.xcdatamodel;
		};
/* End XCVersionGroup section */
	};
	rootObject = 98FD1AAF21EB75A7005F7CEA /* Project object */;
}
